// !$*UTF8*$!
{
	archiveVersion = 1;
	classes = {
	};
	objectVersion = 52;
	objects = {

/* Begin PBXBuildFile section */
		1F98464425EF38AB0075AF04 /* Notifications.swift in Sources */ = {isa = PBXBuildFile; fileRef = 1F98464325EF38AB0075AF04 /* Notifications.swift */; };
		1F98464A25EF409E0075AF04 /* NotificationFeed.swift in Sources */ = {isa = PBXBuildFile; fileRef = 1F98464925EF409E0075AF04 /* NotificationFeed.swift */; };
		1FC816C625E34249009B803F /* Feedback.swift in Sources */ = {isa = PBXBuildFile; fileRef = 1FC816C525E34249009B803F /* Feedback.swift */; };
		1FFF5CEC264A384D005BB943 /* UserFollowFeed.swift in Sources */ = {isa = PBXBuildFile; fileRef = 1FFF5CEB264A384D005BB943 /* UserFollowFeed.swift */; };
		5ACBEC96281083D400A47948 /* DeepLinkManager.swift in Sources */ = {isa = PBXBuildFile; fileRef = 5ACBEC95281083D400A47948 /* DeepLinkManager.swift */; };
		94FA500EAC2023560527DE7F /* libPods-JimoTests.a in Frameworks */ = {isa = PBXBuildFile; fileRef = EB9F8359083287A5DCE222B5 /* libPods-JimoTests.a */; };
		A788A941DB49C8E2AB2195EB /* libPods-Jimo-JimoUITests.a in Frameworks */ = {isa = PBXBuildFile; fileRef = 5A1ED3703FCFA0D2784FCB63 /* libPods-Jimo-JimoUITests.a */; };
		B1BDC32DD302CD7D02D01BF6 /* libPods-Jimo.a in Frameworks */ = {isa = PBXBuildFile; fileRef = 7124939F1770230B52A71F08 /* libPods-Jimo.a */; };
		C3573075281B396500E5D6C3 /* EmailLogin.swift in Sources */ = {isa = PBXBuildFile; fileRef = C3573074281B396500E5D6C3 /* EmailLogin.swift */; };
		C701233427F65C78008F3F21 /* NetworkConnectionMonitor.swift in Sources */ = {isa = PBXBuildFile; fileRef = C701233327F65C78008F3F21 /* NetworkConnectionMonitor.swift */; };
		C7019F6825EEB10200C1165A /* InviteContactsView.swift in Sources */ = {isa = PBXBuildFile; fileRef = C7019F6725EEB10200C1165A /* InviteContactsView.swift */; };
		C7031A6B27C5A61400A90D24 /* RegionWrapper.swift in Sources */ = {isa = PBXBuildFile; fileRef = C7031A6A27C5A61400A90D24 /* RegionWrapper.swift */; };
		C7031A6E27C5A6F400A90D24 /* PinQuickViewCard.swift in Sources */ = {isa = PBXBuildFile; fileRef = C7031A6D27C5A6F400A90D24 /* PinQuickViewCard.swift */; };
		C7031A7027C5A7DF00A90D24 /* QuickViewModel.swift in Sources */ = {isa = PBXBuildFile; fileRef = C7031A6F27C5A7DF00A90D24 /* QuickViewModel.swift */; };
		C7031A7227C5AB5300A90D24 /* MapBottomSheet.swift in Sources */ = {isa = PBXBuildFile; fileRef = C7031A7127C5AB5300A90D24 /* MapBottomSheet.swift */; };
		C7031A7527C5ABE900A90D24 /* MapBottomSheetHeader.swift in Sources */ = {isa = PBXBuildFile; fileRef = C7031A7427C5ABE900A90D24 /* MapBottomSheetHeader.swift */; };
		C7031A7927C5AD0E00A90D24 /* MapInfoView.swift in Sources */ = {isa = PBXBuildFile; fileRef = C7031A7827C5AD0E00A90D24 /* MapInfoView.swift */; };
		C7031A7B27C5AD9400A90D24 /* CurrentLocationButton.swift in Sources */ = {isa = PBXBuildFile; fileRef = C7031A7A27C5AD9400A90D24 /* CurrentLocationButton.swift */; };
		C7031A7D27C5B12D00A90D24 /* PlaceAnnotationV2.swift in Sources */ = {isa = PBXBuildFile; fileRef = C7031A7C27C5B12D00A90D24 /* PlaceAnnotationV2.swift */; };
		C70367062557629900F970DE /* NavigationViewModifier.swift in Sources */ = {isa = PBXBuildFile; fileRef = C70367052557629900F970DE /* NavigationViewModifier.swift */; };
		C703670E255764FD00F970DE /* Profile.swift in Sources */ = {isa = PBXBuildFile; fileRef = C703670D255764FD00F970DE /* Profile.swift */; };
		C704706A27FB982300D71589 /* FeedItem.swift in Sources */ = {isa = PBXBuildFile; fileRef = C704706927FB982300D71589 /* FeedItem.swift */; };
		C706477A2797289800B9CCD2 /* MapSearchField.swift in Sources */ = {isa = PBXBuildFile; fileRef = C70647792797289800B9CCD2 /* MapSearchField.swift */; };
		C707E02227EE565C0077B8DA /* NoButtonStyle.swift in Sources */ = {isa = PBXBuildFile; fileRef = C707E02127EE565C0077B8DA /* NoButtonStyle.swift */; };
		C70AE46225CA37EA009920E8 /* PhoneNumberTextFieldView.swift in Sources */ = {isa = PBXBuildFile; fileRef = C70AE46125CA37EA009920E8 /* PhoneNumberTextFieldView.swift */; };
		C70AE47525CA8E48009920E8 /* HomeMenu.swift in Sources */ = {isa = PBXBuildFile; fileRef = C70AE47425CA8E48009920E8 /* HomeMenu.swift */; };
		C70AE47A25CA8E76009920E8 /* EnterPhoneNumber.swift in Sources */ = {isa = PBXBuildFile; fileRef = C70AE47925CA8E76009920E8 /* EnterPhoneNumber.swift */; };
		C70AE47F25CA8EC5009920E8 /* VerifyPhoneNumber.swift in Sources */ = {isa = PBXBuildFile; fileRef = C70AE47E25CA8EC5009920E8 /* VerifyPhoneNumber.swift */; };
		C70AE48425CA8FA9009920E8 /* LargeButton.swift in Sources */ = {isa = PBXBuildFile; fileRef = C70AE48325CA8FA9009920E8 /* LargeButton.swift */; };
		C70E61C726EAE56F00340EEC /* PostComponents.swift in Sources */ = {isa = PBXBuildFile; fileRef = C70E61C626EAE56E00340EEC /* PostComponents.swift */; };
		C70F53BE27F2A42600A15EE2 /* ContactsPermissions.swift in Sources */ = {isa = PBXBuildFile; fileRef = C70F53BD27F2A42600A15EE2 /* ContactsPermissions.swift */; };
		C70F53C227F2ABEF00A15EE2 /* RequestLocation.swift in Sources */ = {isa = PBXBuildFile; fileRef = C70F53C127F2ABEF00A15EE2 /* RequestLocation.swift */; };
		C7106AF5256084E200C10EFF /* Place.swift in Sources */ = {isa = PBXBuildFile; fileRef = C7106AF4256084E200C10EFF /* Place.swift */; };
		C7106B0C2560C9F800C10EFF /* ProfileViewModel.swift in Sources */ = {isa = PBXBuildFile; fileRef = C7106B0B2560C9F800C10EFF /* ProfileViewModel.swift */; };
		C712B6E9262E497900DAEB1D /* UITabView.swift in Sources */ = {isa = PBXBuildFile; fileRef = C712B6E8262E497900DAEB1D /* UITabView.swift */; };
		C71B1B152599B7FE004BF1CD /* Toast.swift in Sources */ = {isa = PBXBuildFile; fileRef = C71B1B142599B7FE004BF1CD /* Toast.swift */; };
		C71E44B82818945F008725F1 /* MapTab.swift in Sources */ = {isa = PBXBuildFile; fileRef = C71E44B72818945F008725F1 /* MapTab.swift */; };
		C725F87427F680F800370896 /* RefreshableScrollView.swift in Sources */ = {isa = PBXBuildFile; fileRef = C725F87327F680F800370896 /* RefreshableScrollView.swift */; };
		C7260C592585D27C0002A335 /* CreateProfileView.swift in Sources */ = {isa = PBXBuildFile; fileRef = C7260C582585D27C0002A335 /* CreateProfileView.swift */; };
		C72BB2AE28038C09001997C1 /* ASCollectionView in Frameworks */ = {isa = PBXBuildFile; productRef = C72BB2AD28038C09001997C1 /* ASCollectionView */; };
		C72BB2B128038DEA001997C1 /* PostDestination.swift in Sources */ = {isa = PBXBuildFile; fileRef = C72BB2B028038DEA001997C1 /* PostDestination.swift */; };
		C72BB2B328038F6D001997C1 /* View+navigation.swift in Sources */ = {isa = PBXBuildFile; fileRef = C72BB2B228038F6D001997C1 /* View+navigation.swift */; };
		C72BB2B5280396C2001997C1 /* String+Identifiable.swift in Sources */ = {isa = PBXBuildFile; fileRef = C72BB2B4280396C2001997C1 /* String+Identifiable.swift */; };
		C72F3CB92587264A00DDB76C /* Feed.swift in Sources */ = {isa = PBXBuildFile; fileRef = C72F3CB82587264A00DDB76C /* Feed.swift */; };
		C72F3CBE258726BA00DDB76C /* MainAppView.swift in Sources */ = {isa = PBXBuildFile; fileRef = C72F3CBD258726BA00DDB76C /* MainAppView.swift */; };
		C7315BC1266AD7D50086BD52 /* EditPreferences.swift in Sources */ = {isa = PBXBuildFile; fileRef = C7315BC0266AD7D50086BD52 /* EditPreferences.swift */; };
		C7317F3F25E5C5840070E938 /* ImageUploadService.swift in Sources */ = {isa = PBXBuildFile; fileRef = C7317F3E25E5C5840070E938 /* ImageUploadService.swift */; };
		C7318C912560E1F000E75BE6 /* HideKeyboard.swift in Sources */ = {isa = PBXBuildFile; fileRef = C7318C902560E1F000E75BE6 /* HideKeyboard.swift */; };
		C736A9EB25A541F60086B809 /* ViewPost.swift in Sources */ = {isa = PBXBuildFile; fileRef = C736A9EA25A541F60086B809 /* ViewPost.swift */; };
		C73ED51D260EFDF4005CC0B4 /* View+appear.swift in Sources */ = {isa = PBXBuildFile; fileRef = C73ED51C260EFDF4005CC0B4 /* View+appear.swift */; };
		C73ED522260EFE79005CC0B4 /* View+disappear.swift in Sources */ = {isa = PBXBuildFile; fileRef = C73ED521260EFE79005CC0B4 /* View+disappear.swift */; };
		C7416D082647170600FA58EE /* CommentsViewModel.swift in Sources */ = {isa = PBXBuildFile; fileRef = C7416D072647170600FA58EE /* CommentsViewModel.swift */; };
		C7416D0A26471DBE00FA58EE /* CommentItem.swift in Sources */ = {isa = PBXBuildFile; fileRef = C7416D0926471DBE00FA58EE /* CommentItem.swift */; };
		C7416D0C26474AA000FA58EE /* CommentInputField.swift in Sources */ = {isa = PBXBuildFile; fileRef = C7416D0B26474AA000FA58EE /* CommentInputField.swift */; };
		C7416D0E264793B200FA58EE /* Comment.swift in Sources */ = {isa = PBXBuildFile; fileRef = C7416D0D264793B200FA58EE /* Comment.swift */; };
		C74183E025D6E3A2007F13C1 /* GlobalViewState.swift in Sources */ = {isa = PBXBuildFile; fileRef = C74183DF25D6E3A2007F13C1 /* GlobalViewState.swift */; };
		C749397C255659AE00D1E8D3 /* MultilineTextField.swift in Sources */ = {isa = PBXBuildFile; fileRef = C749397B255659AE00D1E8D3 /* MultilineTextField.swift */; };
		C7493981255663E100D1E8D3 /* RoundedButton.swift in Sources */ = {isa = PBXBuildFile; fileRef = C7493980255663E100D1E8D3 /* RoundedButton.swift */; };
		C74BC92B256E198C0095A2BA /* General.swift in Sources */ = {isa = PBXBuildFile; fileRef = C74BC92A256E198C0095A2BA /* General.swift */; };
		C74BC944256E25CD0095A2BA /* GoogleService-Info.plist in Resources */ = {isa = PBXBuildFile; fileRef = C74BC943256E25CD0095A2BA /* GoogleService-Info.plist */; };
		C74D020726A667E000381C1B /* PostPublisher.swift in Sources */ = {isa = PBXBuildFile; fileRef = C74D020626A667E000381C1B /* PostPublisher.swift */; };
		C7506CE026F2DDDD00265633 /* UIDevice+hasNotch.swift in Sources */ = {isa = PBXBuildFile; fileRef = C7506CDF26F2DDDD00265633 /* UIDevice+hasNotch.swift */; };
		C751768025FEFA5A00DCB856 /* SuggestedUserView.swift in Sources */ = {isa = PBXBuildFile; fileRef = C751767F25FEFA5A00DCB856 /* SuggestedUserView.swift */; };
		C751768525FEFA7700DCB856 /* UserList.swift in Sources */ = {isa = PBXBuildFile; fileRef = C751768425FEFA7700DCB856 /* UserList.swift */; };
		C751768A25FEFAA300DCB856 /* ExistingContactStore.swift in Sources */ = {isa = PBXBuildFile; fileRef = C751768925FEFAA300DCB856 /* ExistingContactStore.swift */; };
		C751769325FEFACB00DCB856 /* SuggestedUserStore.swift in Sources */ = {isa = PBXBuildFile; fileRef = C751769225FEFACB00DCB856 /* SuggestedUserStore.swift */; };
		C751769825FEFAE000DCB856 /* FeaturedUserStore.swift in Sources */ = {isa = PBXBuildFile; fileRef = C751769725FEFAE000DCB856 /* FeaturedUserStore.swift */; };
		C75176A025FEFDEB00DCB856 /* FollowFeatured.swift in Sources */ = {isa = PBXBuildFile; fileRef = C751769F25FEFDEB00DCB856 /* FollowFeatured.swift */; };
		C75176A825FF025200DCB856 /* LoggedInView.swift in Sources */ = {isa = PBXBuildFile; fileRef = C75176A725FF025200DCB856 /* LoggedInView.swift */; };
		C753CF7527C327C000B1EEA3 /* MapV3.swift in Sources */ = {isa = PBXBuildFile; fileRef = C753CF7427C327C000B1EEA3 /* MapV3.swift */; };
		C757F86C27F10C3700364EDB /* PermissionManager.swift in Sources */ = {isa = PBXBuildFile; fileRef = C757F86B27F10C3700364EDB /* PermissionManager.swift */; };
		C757F86F27F150DD00364EDB /* NotificationPermissions.swift in Sources */ = {isa = PBXBuildFile; fileRef = C757F86E27F150DD00364EDB /* NotificationPermissions.swift */; };
		C757F87127F150F700364EDB /* LocationPermissions.swift in Sources */ = {isa = PBXBuildFile; fileRef = C757F87027F150F700364EDB /* LocationPermissions.swift */; };
		C757F87327F1579500364EDB /* RequestPermission.swift in Sources */ = {isa = PBXBuildFile; fileRef = C757F87227F1579500364EDB /* RequestPermission.swift */; };
		C757F87727F15BE400364EDB /* InvertBindings.swift in Sources */ = {isa = PBXBuildFile; fileRef = C757F87627F15BE400364EDB /* InvertBindings.swift */; };
		C758BAAE26FC0033007DFE30 /* LazyView.swift in Sources */ = {isa = PBXBuildFile; fileRef = C758BAAD26FC0033007DFE30 /* LazyView.swift */; };
		C758BAB026FC148A007DFE30 /* MapSnapshotView.swift in Sources */ = {isa = PBXBuildFile; fileRef = C758BAAF26FC148A007DFE30 /* MapSnapshotView.swift */; };
		C75C2EDF25561309009B6ADA /* JimoApp.swift in Sources */ = {isa = PBXBuildFile; fileRef = C75C2EDE25561309009B6ADA /* JimoApp.swift */; };
		C75C2EE125561309009B6ADA /* ContentView.swift in Sources */ = {isa = PBXBuildFile; fileRef = C75C2EE025561309009B6ADA /* ContentView.swift */; };
		C75C2EE325561309009B6ADA /* Assets.xcassets in Resources */ = {isa = PBXBuildFile; fileRef = C75C2EE225561309009B6ADA /* Assets.xcassets */; };
		C75C2EE625561309009B6ADA /* Preview Assets.xcassets in Resources */ = {isa = PBXBuildFile; fileRef = C75C2EE525561309009B6ADA /* Preview Assets.xcassets */; };
		C75C2EF125561309009B6ADA /* JimoTests.swift in Sources */ = {isa = PBXBuildFile; fileRef = C75C2EF025561309009B6ADA /* JimoTests.swift */; };
		C75C2EFC25561309009B6ADA /* JimoUITests.swift in Sources */ = {isa = PBXBuildFile; fileRef = C75C2EFB25561309009B6ADA /* JimoUITests.swift */; };
		C75C2F202556166D009B6ADA /* User.swift in Sources */ = {isa = PBXBuildFile; fileRef = C75C2F1F2556166D009B6ADA /* User.swift */; };
		C75C2F25255616CC009B6ADA /* Post.swift in Sources */ = {isa = PBXBuildFile; fileRef = C75C2F24255616CC009B6ADA /* Post.swift */; };
		C75C2F3F255617CA009B6ADA /* CreatePost.swift in Sources */ = {isa = PBXBuildFile; fileRef = C75C2F3E255617CA009B6ADA /* CreatePost.swift */; };
		C764145025D0FD4100CBDE3F /* SearchViewModel.swift in Sources */ = {isa = PBXBuildFile; fileRef = C764144F25D0FD4100CBDE3F /* SearchViewModel.swift */; };
		C764145525D0FD6000CBDE3F /* DiscoverViewModel.swift in Sources */ = {isa = PBXBuildFile; fileRef = C764145425D0FD6000CBDE3F /* DiscoverViewModel.swift */; };
		C7654E5C27FBA5050023A541 /* MKCoordinateRegion+Hashable.swift in Sources */ = {isa = PBXBuildFile; fileRef = C7654E5B27FBA5050023A541 /* MKCoordinateRegion+Hashable.swift */; };
		C76A8AFF2596DDD700623DA2 /* ImagePicker.swift in Sources */ = {isa = PBXBuildFile; fileRef = C76A8AFE2596DDD700623DA2 /* ImagePicker.swift */; };
		C76DEA33255E559C008A9E1B /* Search.swift in Sources */ = {isa = PBXBuildFile; fileRef = C76DEA32255E559C008A9E1B /* Search.swift */; };
		C76E913825D20F6E00762803 /* FollowContacts.swift in Sources */ = {isa = PBXBuildFile; fileRef = C76E913725D20F6E00762803 /* FollowContacts.swift */; };
		C76E913E25D21E2800762803 /* OnboardingView.swift in Sources */ = {isa = PBXBuildFile; fileRef = C76E913D25D21E2800762803 /* OnboardingView.swift */; };
		C77321DC2557EF390087FAA6 /* URLImage.swift in Sources */ = {isa = PBXBuildFile; fileRef = C77321DB2557EF390087FAA6 /* URLImage.swift */; };
		C773DFBD25DF90FA00E40102 /* TextAlert.swift in Sources */ = {isa = PBXBuildFile; fileRef = C773DFBC25DF90FA00E40102 /* TextAlert.swift */; };
		C7770C0C2612FD0F00F28B26 /* LaunchScreen.storyboard in Resources */ = {isa = PBXBuildFile; fileRef = C7770C0B2612FD0F00F28B26 /* LaunchScreen.storyboard */; };
		C77B0ED827964FC700743351 /* PlacePage.swift in Sources */ = {isa = PBXBuildFile; fileRef = C77B0ED727964FC700743351 /* PlacePage.swift */; };
		C77B0EDA2796500900743351 /* PostPage.swift in Sources */ = {isa = PBXBuildFile; fileRef = C77B0ED92796500900743351 /* PostPage.swift */; };
		C78049142788CDF700A9A2AF /* CategoryFilter.swift in Sources */ = {isa = PBXBuildFile; fileRef = C78049132788CDF700A9A2AF /* CategoryFilter.swift */; };
		C78049162788E10E00A9A2AF /* UserFilter.swift in Sources */ = {isa = PBXBuildFile; fileRef = C78049152788E10E00A9A2AF /* UserFilter.swift */; };
		C78653E827D8476000A0D1A0 /* Analytics.swift in Sources */ = {isa = PBXBuildFile; fileRef = C78653E727D8476000A0D1A0 /* Analytics.swift */; };
		C79183482597DABF006B4056 /* PopupView.swift in Sources */ = {isa = PBXBuildFile; fileRef = C79183472597DABF006B4056 /* PopupView.swift */; };
		C791835F2597EC64006B4056 /* Constants.swift in Sources */ = {isa = PBXBuildFile; fileRef = C791835E2597EC64006B4056 /* Constants.swift */; };
		C7959C7726AFCDE500EB9FD2 /* UserPublisher.swift in Sources */ = {isa = PBXBuildFile; fileRef = C7959C7626AFCDE500EB9FD2 /* UserPublisher.swift */; };
		C79E1E9D2788BDE500267A86 /* BottomSheet in Frameworks */ = {isa = PBXBuildFile; productRef = C79E1E9C2788BDE500267A86 /* BottomSheet */; };
		C79E1E9F2788BE2200267A86 /* MapViewV2.swift in Sources */ = {isa = PBXBuildFile; fileRef = C79E1E9E2788BE2200267A86 /* MapViewV2.swift */; };
		C79E1EA12788BF9100267A86 /* MapViewModelV2.swift in Sources */ = {isa = PBXBuildFile; fileRef = C79E1EA02788BF9100267A86 /* MapViewModelV2.swift */; };
		C79EA00225AFD56F00A38DB8 /* AppState.swift in Sources */ = {isa = PBXBuildFile; fileRef = C79EA00125AFD56F00A38DB8 /* AppState.swift */; };
		C7A9497827C979AE002D89FE /* LiteMapView.swift in Sources */ = {isa = PBXBuildFile; fileRef = C7A9497727C979AE002D89FE /* LiteMapView.swift */; };
		C7AEACF425D86F5B00EDEB7D /* EditProfile.swift in Sources */ = {isa = PBXBuildFile; fileRef = C7AEACF325D86F5B00EDEB7D /* EditProfile.swift */; };
		C7AEACFD25D8720E00EDEB7D /* Settings.swift in Sources */ = {isa = PBXBuildFile; fileRef = C7AEACFC25D8720E00EDEB7D /* Settings.swift */; };
		C7B91FE5282448BA00F383BC /* ShareButtonView.swift in Sources */ = {isa = PBXBuildFile; fileRef = C7B91FE4282448BA00F383BC /* ShareButtonView.swift */; };
		C7B91FE7282449C700F383BC /* ActivityView.swift in Sources */ = {isa = PBXBuildFile; fileRef = C7B91FE6282449C700F383BC /* ActivityView.swift */; };
		C7B91FE928245D2400F383BC /* SharePostButton.swift in Sources */ = {isa = PBXBuildFile; fileRef = C7B91FE828245D2400F383BC /* SharePostButton.swift */; };
		C7C3F04A255A744A00B9D3B3 /* LocationSearch.swift in Sources */ = {isa = PBXBuildFile; fileRef = C7C3F049255A744A00B9D3B3 /* LocationSearch.swift */; };
		C7C3F05A255A755C00B9D3B3 /* PlaceSearch.swift in Sources */ = {isa = PBXBuildFile; fileRef = C7C3F044255A734600B9D3B3 /* PlaceSearch.swift */; };
		C7C3FC252790DC89000AA023 /* MapKitViewV2.swift in Sources */ = {isa = PBXBuildFile; fileRef = C7C3FC242790DC89000AA023 /* MapKitViewV2.swift */; };
		C7C50B8F2773B9550064A02B /* Light@3x.png in Resources */ = {isa = PBXBuildFile; fileRef = C7C50B8D2773B9550064A02B /* Light@3x.png */; };
		C7C50B902773B9550064A02B /* Light@2x.png in Resources */ = {isa = PBXBuildFile; fileRef = C7C50B8E2773B9550064A02B /* Light@2x.png */; };
		C7D1190D25A186CC00A222E3 /* NavTitle.swift in Sources */ = {isa = PBXBuildFile; fileRef = C7D1190C25A186CC00A222E3 /* NavTitle.swift */; };
		C7D2D84A25CE55C600246BD0 /* UINavigationController+UIGestureRecognizerDelegate.swift in Sources */ = {isa = PBXBuildFile; fileRef = C7D2D84925CE55C600246BD0 /* UINavigationController+UIGestureRecognizerDelegate.swift */; };
		C7D2D85225CE6DD500246BD0 /* MKCoordinateRegion+Equatable.swift in Sources */ = {isa = PBXBuildFile; fileRef = C7D2D85125CE6DD500246BD0 /* MKCoordinateRegion+Equatable.swift */; };
		C7D2D85725CE6E1200246BD0 /* CLLocationCoordinate2D+Equatable.swift in Sources */ = {isa = PBXBuildFile; fileRef = C7D2D85625CE6E1200246BD0 /* CLLocationCoordinate2D+Equatable.swift */; };
		C7D2D85C25CE6E4200246BD0 /* MKCoordinateSpan+Equatable.swift in Sources */ = {isa = PBXBuildFile; fileRef = C7D2D85B25CE6E4200246BD0 /* MKCoordinateSpan+Equatable.swift */; };
		C7D432AA2818A01900789380 /* DeepLinkViewPost.swift in Sources */ = {isa = PBXBuildFile; fileRef = C7D432A92818A01900789380 /* DeepLinkViewPost.swift */; };
		C7D73FD725A7BCDD007699AF /* ProfileTab.swift in Sources */ = {isa = PBXBuildFile; fileRef = C7D73FD625A7BCDD007699AF /* ProfileTab.swift */; };
		C7DE07B426AE5FEE006048E4 /* CommentPublisher.swift in Sources */ = {isa = PBXBuildFile; fileRef = C7DE07B326AE5FEE006048E4 /* CommentPublisher.swift */; };
		C7E2732D25EC62DA00C787DB /* Checkbox.swift in Sources */ = {isa = PBXBuildFile; fileRef = C7E2732C25EC62DA00C787DB /* Checkbox.swift */; };
		C7E7F68427F3C09800F9D598 /* Screens.swift in Sources */ = {isa = PBXBuildFile; fileRef = C7E7F68327F3C09800F9D598 /* Screens.swift */; };
		C7EAD4CF25ABBD9A004A9F53 /* CreatePostVM.swift in Sources */ = {isa = PBXBuildFile; fileRef = C7EAD4CE25ABBD9A004A9F53 /* CreatePostVM.swift */; };
		C7EAD4D425ABBDCC004A9F53 /* PostVM.swift in Sources */ = {isa = PBXBuildFile; fileRef = C7EAD4D325ABBDCC004A9F53 /* PostVM.swift */; };
		C7EAD4D925AC1D49004A9F53 /* APIClient.swift in Sources */ = {isa = PBXBuildFile; fileRef = C7EAD4D825AC1D49004A9F53 /* APIClient.swift */; };
		C7EAD4DE25AC1DD0004A9F53 /* AuthClient.swift in Sources */ = {isa = PBXBuildFile; fileRef = C7EAD4DD25AC1DD0004A9F53 /* AuthClient.swift */; };
		C7F6D503255A42BA00E8D216 /* SearchBar.swift in Sources */ = {isa = PBXBuildFile; fileRef = C7F6D502255A42BA00E8D216 /* SearchBar.swift */; };
		C7FC69E02790160100C41ED3 /* SwiftUIPager in Frameworks */ = {isa = PBXBuildFile; productRef = C7FC69DF2790160100C41ED3 /* SwiftUIPager */; };
		C7FD677027C44F0800B8B2B8 /* LocationAnnotationViewV2.swift in Sources */ = {isa = PBXBuildFile; fileRef = C7FD676F27C44F0800B8B2B8 /* LocationAnnotationViewV2.swift */; };
		C7FF3D1F278D711B0031FAE4 /* MapQuickView.swift in Sources */ = {isa = PBXBuildFile; fileRef = C7FF3D1E278D711B0031FAE4 /* MapQuickView.swift */; };
		C7FF3D21278D80F20031FAE4 /* BlurBackground.swift in Sources */ = {isa = PBXBuildFile; fileRef = C7FF3D20278D80F20031FAE4 /* BlurBackground.swift */; };
/* End PBXBuildFile section */

/* Begin PBXContainerItemProxy section */
		C75C2EED25561309009B6ADA /* PBXContainerItemProxy */ = {
			isa = PBXContainerItemProxy;
			containerPortal = C75C2ED325561308009B6ADA /* Project object */;
			proxyType = 1;
			remoteGlobalIDString = C75C2EDA25561309009B6ADA;
			remoteInfo = GoodplacesApp;
		};
		C75C2EF825561309009B6ADA /* PBXContainerItemProxy */ = {
			isa = PBXContainerItemProxy;
			containerPortal = C75C2ED325561308009B6ADA /* Project object */;
			proxyType = 1;
			remoteGlobalIDString = C75C2EDA25561309009B6ADA;
			remoteInfo = GoodplacesApp;
		};
/* End PBXContainerItemProxy section */

/* Begin PBXFileReference section */
		0C3D8D810C9EE1AAD08C7081 /* Pods-Jimo.debug.xcconfig */ = {isa = PBXFileReference; includeInIndex = 1; lastKnownFileType = text.xcconfig; name = "Pods-Jimo.debug.xcconfig"; path = "Target Support Files/Pods-Jimo/Pods-Jimo.debug.xcconfig"; sourceTree = "<group>"; };
		1E1E16AB7C2E9F83F99FB5FC /* Pods-Jimo.release.xcconfig */ = {isa = PBXFileReference; includeInIndex = 1; lastKnownFileType = text.xcconfig; name = "Pods-Jimo.release.xcconfig"; path = "Target Support Files/Pods-Jimo/Pods-Jimo.release.xcconfig"; sourceTree = "<group>"; };
		1F98464325EF38AB0075AF04 /* Notifications.swift */ = {isa = PBXFileReference; lastKnownFileType = sourcecode.swift; path = Notifications.swift; sourceTree = "<group>"; };
		1F98464925EF409E0075AF04 /* NotificationFeed.swift */ = {isa = PBXFileReference; lastKnownFileType = sourcecode.swift; path = NotificationFeed.swift; sourceTree = "<group>"; };
		1FC816C525E34249009B803F /* Feedback.swift */ = {isa = PBXFileReference; lastKnownFileType = sourcecode.swift; path = Feedback.swift; sourceTree = "<group>"; };
		1FFF5CEB264A384D005BB943 /* UserFollowFeed.swift */ = {isa = PBXFileReference; lastKnownFileType = sourcecode.swift; path = UserFollowFeed.swift; sourceTree = "<group>"; };
		46903672F5D692917EF2A9D8 /* Pods-Jimo-JimoUITests.debug.xcconfig */ = {isa = PBXFileReference; includeInIndex = 1; lastKnownFileType = text.xcconfig; name = "Pods-Jimo-JimoUITests.debug.xcconfig"; path = "Target Support Files/Pods-Jimo-JimoUITests/Pods-Jimo-JimoUITests.debug.xcconfig"; sourceTree = "<group>"; };
		5A1ED3703FCFA0D2784FCB63 /* libPods-Jimo-JimoUITests.a */ = {isa = PBXFileReference; explicitFileType = archive.ar; includeInIndex = 0; path = "libPods-Jimo-JimoUITests.a"; sourceTree = BUILT_PRODUCTS_DIR; };
		5ACBEC95281083D400A47948 /* DeepLinkManager.swift */ = {isa = PBXFileReference; lastKnownFileType = sourcecode.swift; path = DeepLinkManager.swift; sourceTree = "<group>"; };
		7124939F1770230B52A71F08 /* libPods-Jimo.a */ = {isa = PBXFileReference; explicitFileType = archive.ar; includeInIndex = 0; path = "libPods-Jimo.a"; sourceTree = BUILT_PRODUCTS_DIR; };
		9259EE546D4102C558B8162D /* Pods-JimoTests.debug.xcconfig */ = {isa = PBXFileReference; includeInIndex = 1; lastKnownFileType = text.xcconfig; name = "Pods-JimoTests.debug.xcconfig"; path = "Target Support Files/Pods-JimoTests/Pods-JimoTests.debug.xcconfig"; sourceTree = "<group>"; };
		C3573074281B396500E5D6C3 /* EmailLogin.swift */ = {isa = PBXFileReference; lastKnownFileType = sourcecode.swift; path = EmailLogin.swift; sourceTree = "<group>"; };
		C4BEAA07CB633BF4EBA752E4 /* Pods-JimoTests.release.xcconfig */ = {isa = PBXFileReference; includeInIndex = 1; lastKnownFileType = text.xcconfig; name = "Pods-JimoTests.release.xcconfig"; path = "Target Support Files/Pods-JimoTests/Pods-JimoTests.release.xcconfig"; sourceTree = "<group>"; };
		C5AAE5879244803D3CA89D65 /* Pods-Jimo-JimoUITests.release.xcconfig */ = {isa = PBXFileReference; includeInIndex = 1; lastKnownFileType = text.xcconfig; name = "Pods-Jimo-JimoUITests.release.xcconfig"; path = "Target Support Files/Pods-Jimo-JimoUITests/Pods-Jimo-JimoUITests.release.xcconfig"; sourceTree = "<group>"; };
		C701233327F65C78008F3F21 /* NetworkConnectionMonitor.swift */ = {isa = PBXFileReference; lastKnownFileType = sourcecode.swift; path = NetworkConnectionMonitor.swift; sourceTree = "<group>"; };
		C7019F6725EEB10200C1165A /* InviteContactsView.swift */ = {isa = PBXFileReference; lastKnownFileType = sourcecode.swift; path = InviteContactsView.swift; sourceTree = "<group>"; };
		C7031A6A27C5A61400A90D24 /* RegionWrapper.swift */ = {isa = PBXFileReference; lastKnownFileType = sourcecode.swift; path = RegionWrapper.swift; sourceTree = "<group>"; };
		C7031A6D27C5A6F400A90D24 /* PinQuickViewCard.swift */ = {isa = PBXFileReference; lastKnownFileType = sourcecode.swift; path = PinQuickViewCard.swift; sourceTree = "<group>"; };
		C7031A6F27C5A7DF00A90D24 /* QuickViewModel.swift */ = {isa = PBXFileReference; lastKnownFileType = sourcecode.swift; path = QuickViewModel.swift; sourceTree = "<group>"; };
		C7031A7127C5AB5300A90D24 /* MapBottomSheet.swift */ = {isa = PBXFileReference; lastKnownFileType = sourcecode.swift; path = MapBottomSheet.swift; sourceTree = "<group>"; };
		C7031A7427C5ABE900A90D24 /* MapBottomSheetHeader.swift */ = {isa = PBXFileReference; lastKnownFileType = sourcecode.swift; path = MapBottomSheetHeader.swift; sourceTree = "<group>"; };
		C7031A7827C5AD0E00A90D24 /* MapInfoView.swift */ = {isa = PBXFileReference; lastKnownFileType = sourcecode.swift; path = MapInfoView.swift; sourceTree = "<group>"; };
		C7031A7A27C5AD9400A90D24 /* CurrentLocationButton.swift */ = {isa = PBXFileReference; lastKnownFileType = sourcecode.swift; path = CurrentLocationButton.swift; sourceTree = "<group>"; };
		C7031A7C27C5B12D00A90D24 /* PlaceAnnotationV2.swift */ = {isa = PBXFileReference; lastKnownFileType = sourcecode.swift; path = PlaceAnnotationV2.swift; sourceTree = "<group>"; };
		C70367052557629900F970DE /* NavigationViewModifier.swift */ = {isa = PBXFileReference; lastKnownFileType = sourcecode.swift; path = NavigationViewModifier.swift; sourceTree = "<group>"; };
		C703670D255764FD00F970DE /* Profile.swift */ = {isa = PBXFileReference; lastKnownFileType = sourcecode.swift; path = Profile.swift; sourceTree = "<group>"; };
		C704706927FB982300D71589 /* FeedItem.swift */ = {isa = PBXFileReference; lastKnownFileType = sourcecode.swift; path = FeedItem.swift; sourceTree = "<group>"; };
		C70647792797289800B9CCD2 /* MapSearchField.swift */ = {isa = PBXFileReference; lastKnownFileType = sourcecode.swift; path = MapSearchField.swift; sourceTree = "<group>"; };
		C707E02127EE565C0077B8DA /* NoButtonStyle.swift */ = {isa = PBXFileReference; lastKnownFileType = sourcecode.swift; path = NoButtonStyle.swift; sourceTree = "<group>"; };
		C70AE46125CA37EA009920E8 /* PhoneNumberTextFieldView.swift */ = {isa = PBXFileReference; lastKnownFileType = sourcecode.swift; path = PhoneNumberTextFieldView.swift; sourceTree = "<group>"; };
		C70AE47425CA8E48009920E8 /* HomeMenu.swift */ = {isa = PBXFileReference; lastKnownFileType = sourcecode.swift; path = HomeMenu.swift; sourceTree = "<group>"; };
		C70AE47925CA8E76009920E8 /* EnterPhoneNumber.swift */ = {isa = PBXFileReference; lastKnownFileType = sourcecode.swift; path = EnterPhoneNumber.swift; sourceTree = "<group>"; };
		C70AE47E25CA8EC5009920E8 /* VerifyPhoneNumber.swift */ = {isa = PBXFileReference; lastKnownFileType = sourcecode.swift; path = VerifyPhoneNumber.swift; sourceTree = "<group>"; };
		C70AE48325CA8FA9009920E8 /* LargeButton.swift */ = {isa = PBXFileReference; lastKnownFileType = sourcecode.swift; path = LargeButton.swift; sourceTree = "<group>"; };
		C70E61C626EAE56E00340EEC /* PostComponents.swift */ = {isa = PBXFileReference; lastKnownFileType = sourcecode.swift; path = PostComponents.swift; sourceTree = "<group>"; };
		C70F53BD27F2A42600A15EE2 /* ContactsPermissions.swift */ = {isa = PBXFileReference; lastKnownFileType = sourcecode.swift; path = ContactsPermissions.swift; sourceTree = "<group>"; };
		C70F53C127F2ABEF00A15EE2 /* RequestLocation.swift */ = {isa = PBXFileReference; lastKnownFileType = sourcecode.swift; path = RequestLocation.swift; sourceTree = "<group>"; };
		C7106AF4256084E200C10EFF /* Place.swift */ = {isa = PBXFileReference; lastKnownFileType = sourcecode.swift; path = Place.swift; sourceTree = "<group>"; };
		C7106B0B2560C9F800C10EFF /* ProfileViewModel.swift */ = {isa = PBXFileReference; lastKnownFileType = sourcecode.swift; path = ProfileViewModel.swift; sourceTree = "<group>"; };
		C712B6E8262E497900DAEB1D /* UITabView.swift */ = {isa = PBXFileReference; lastKnownFileType = sourcecode.swift; path = UITabView.swift; sourceTree = "<group>"; };
		C71B1B142599B7FE004BF1CD /* Toast.swift */ = {isa = PBXFileReference; lastKnownFileType = sourcecode.swift; path = Toast.swift; sourceTree = "<group>"; };
		C71E44B72818945F008725F1 /* MapTab.swift */ = {isa = PBXFileReference; lastKnownFileType = sourcecode.swift; path = MapTab.swift; sourceTree = "<group>"; };
		C725F87327F680F800370896 /* RefreshableScrollView.swift */ = {isa = PBXFileReference; lastKnownFileType = sourcecode.swift; path = RefreshableScrollView.swift; sourceTree = "<group>"; };
		C7260C582585D27C0002A335 /* CreateProfileView.swift */ = {isa = PBXFileReference; lastKnownFileType = sourcecode.swift; path = CreateProfileView.swift; sourceTree = "<group>"; };
		C72BB2B028038DEA001997C1 /* PostDestination.swift */ = {isa = PBXFileReference; lastKnownFileType = sourcecode.swift; path = PostDestination.swift; sourceTree = "<group>"; };
		C72BB2B228038F6D001997C1 /* View+navigation.swift */ = {isa = PBXFileReference; lastKnownFileType = sourcecode.swift; path = "View+navigation.swift"; sourceTree = "<group>"; };
		C72BB2B4280396C2001997C1 /* String+Identifiable.swift */ = {isa = PBXFileReference; lastKnownFileType = sourcecode.swift; path = "String+Identifiable.swift"; sourceTree = "<group>"; };
		C72E1D1125CA1ADD0091C894 /* Jimo.entitlements */ = {isa = PBXFileReference; lastKnownFileType = text.plist.entitlements; path = Jimo.entitlements; sourceTree = "<group>"; };
		C72F3CB82587264A00DDB76C /* Feed.swift */ = {isa = PBXFileReference; lastKnownFileType = sourcecode.swift; path = Feed.swift; sourceTree = "<group>"; };
		C72F3CBD258726BA00DDB76C /* MainAppView.swift */ = {isa = PBXFileReference; lastKnownFileType = sourcecode.swift; path = MainAppView.swift; sourceTree = "<group>"; };
		C7315BC0266AD7D50086BD52 /* EditPreferences.swift */ = {isa = PBXFileReference; lastKnownFileType = sourcecode.swift; path = EditPreferences.swift; sourceTree = "<group>"; };
		C7317F3E25E5C5840070E938 /* ImageUploadService.swift */ = {isa = PBXFileReference; lastKnownFileType = sourcecode.swift; path = ImageUploadService.swift; sourceTree = "<group>"; };
		C7318C902560E1F000E75BE6 /* HideKeyboard.swift */ = {isa = PBXFileReference; lastKnownFileType = sourcecode.swift; path = HideKeyboard.swift; sourceTree = "<group>"; };
		C736A9EA25A541F60086B809 /* ViewPost.swift */ = {isa = PBXFileReference; lastKnownFileType = sourcecode.swift; path = ViewPost.swift; sourceTree = "<group>"; };
		C73ED51C260EFDF4005CC0B4 /* View+appear.swift */ = {isa = PBXFileReference; lastKnownFileType = sourcecode.swift; path = "View+appear.swift"; sourceTree = "<group>"; };
		C73ED521260EFE79005CC0B4 /* View+disappear.swift */ = {isa = PBXFileReference; lastKnownFileType = sourcecode.swift; path = "View+disappear.swift"; sourceTree = "<group>"; };
		C7416D072647170600FA58EE /* CommentsViewModel.swift */ = {isa = PBXFileReference; lastKnownFileType = sourcecode.swift; path = CommentsViewModel.swift; sourceTree = "<group>"; };
		C7416D0926471DBE00FA58EE /* CommentItem.swift */ = {isa = PBXFileReference; lastKnownFileType = sourcecode.swift; path = CommentItem.swift; sourceTree = "<group>"; };
		C7416D0B26474AA000FA58EE /* CommentInputField.swift */ = {isa = PBXFileReference; lastKnownFileType = sourcecode.swift; path = CommentInputField.swift; sourceTree = "<group>"; };
		C7416D0D264793B200FA58EE /* Comment.swift */ = {isa = PBXFileReference; lastKnownFileType = sourcecode.swift; path = Comment.swift; sourceTree = "<group>"; };
		C74183DF25D6E3A2007F13C1 /* GlobalViewState.swift */ = {isa = PBXFileReference; lastKnownFileType = sourcecode.swift; path = GlobalViewState.swift; sourceTree = "<group>"; };
		C749397B255659AE00D1E8D3 /* MultilineTextField.swift */ = {isa = PBXFileReference; lastKnownFileType = sourcecode.swift; path = MultilineTextField.swift; sourceTree = "<group>"; };
		C7493980255663E100D1E8D3 /* RoundedButton.swift */ = {isa = PBXFileReference; lastKnownFileType = sourcecode.swift; path = RoundedButton.swift; sourceTree = "<group>"; };
		C74BC92A256E198C0095A2BA /* General.swift */ = {isa = PBXFileReference; lastKnownFileType = sourcecode.swift; path = General.swift; sourceTree = "<group>"; };
		C74BC943256E25CD0095A2BA /* GoogleService-Info.plist */ = {isa = PBXFileReference; fileEncoding = 4; lastKnownFileType = text.plist.xml; path = "GoogleService-Info.plist"; sourceTree = "<group>"; };
		C74D020626A667E000381C1B /* PostPublisher.swift */ = {isa = PBXFileReference; lastKnownFileType = sourcecode.swift; path = PostPublisher.swift; sourceTree = "<group>"; };
		C7506CDF26F2DDDD00265633 /* UIDevice+hasNotch.swift */ = {isa = PBXFileReference; lastKnownFileType = sourcecode.swift; path = "UIDevice+hasNotch.swift"; sourceTree = "<group>"; };
		C751767F25FEFA5A00DCB856 /* SuggestedUserView.swift */ = {isa = PBXFileReference; lastKnownFileType = sourcecode.swift; path = SuggestedUserView.swift; sourceTree = "<group>"; };
		C751768425FEFA7700DCB856 /* UserList.swift */ = {isa = PBXFileReference; lastKnownFileType = sourcecode.swift; path = UserList.swift; sourceTree = "<group>"; };
		C751768925FEFAA300DCB856 /* ExistingContactStore.swift */ = {isa = PBXFileReference; lastKnownFileType = sourcecode.swift; path = ExistingContactStore.swift; sourceTree = "<group>"; };
		C751769225FEFACB00DCB856 /* SuggestedUserStore.swift */ = {isa = PBXFileReference; lastKnownFileType = sourcecode.swift; path = SuggestedUserStore.swift; sourceTree = "<group>"; };
		C751769725FEFAE000DCB856 /* FeaturedUserStore.swift */ = {isa = PBXFileReference; lastKnownFileType = sourcecode.swift; path = FeaturedUserStore.swift; sourceTree = "<group>"; };
		C751769F25FEFDEB00DCB856 /* FollowFeatured.swift */ = {isa = PBXFileReference; lastKnownFileType = sourcecode.swift; path = FollowFeatured.swift; sourceTree = "<group>"; };
		C75176A725FF025200DCB856 /* LoggedInView.swift */ = {isa = PBXFileReference; lastKnownFileType = sourcecode.swift; path = LoggedInView.swift; sourceTree = "<group>"; };
		C753CF7427C327C000B1EEA3 /* MapV3.swift */ = {isa = PBXFileReference; lastKnownFileType = sourcecode.swift; path = MapV3.swift; sourceTree = "<group>"; };
		C757F86B27F10C3700364EDB /* PermissionManager.swift */ = {isa = PBXFileReference; lastKnownFileType = sourcecode.swift; path = PermissionManager.swift; sourceTree = "<group>"; };
		C757F86E27F150DD00364EDB /* NotificationPermissions.swift */ = {isa = PBXFileReference; lastKnownFileType = sourcecode.swift; path = NotificationPermissions.swift; sourceTree = "<group>"; };
		C757F87027F150F700364EDB /* LocationPermissions.swift */ = {isa = PBXFileReference; lastKnownFileType = sourcecode.swift; path = LocationPermissions.swift; sourceTree = "<group>"; };
		C757F87227F1579500364EDB /* RequestPermission.swift */ = {isa = PBXFileReference; lastKnownFileType = sourcecode.swift; path = RequestPermission.swift; sourceTree = "<group>"; };
		C757F87627F15BE400364EDB /* InvertBindings.swift */ = {isa = PBXFileReference; lastKnownFileType = sourcecode.swift; path = InvertBindings.swift; sourceTree = "<group>"; };
		C758BAAD26FC0033007DFE30 /* LazyView.swift */ = {isa = PBXFileReference; lastKnownFileType = sourcecode.swift; path = LazyView.swift; sourceTree = "<group>"; };
		C758BAAF26FC148A007DFE30 /* MapSnapshotView.swift */ = {isa = PBXFileReference; lastKnownFileType = sourcecode.swift; path = MapSnapshotView.swift; sourceTree = "<group>"; };
		C75C2EDB25561309009B6ADA /* Jimo.app */ = {isa = PBXFileReference; explicitFileType = wrapper.application; includeInIndex = 0; path = Jimo.app; sourceTree = BUILT_PRODUCTS_DIR; };
		C75C2EDE25561309009B6ADA /* JimoApp.swift */ = {isa = PBXFileReference; lastKnownFileType = sourcecode.swift; path = JimoApp.swift; sourceTree = "<group>"; };
		C75C2EE025561309009B6ADA /* ContentView.swift */ = {isa = PBXFileReference; lastKnownFileType = sourcecode.swift; path = ContentView.swift; sourceTree = "<group>"; };
		C75C2EE225561309009B6ADA /* Assets.xcassets */ = {isa = PBXFileReference; lastKnownFileType = folder.assetcatalog; path = Assets.xcassets; sourceTree = "<group>"; };
		C75C2EE525561309009B6ADA /* Preview Assets.xcassets */ = {isa = PBXFileReference; lastKnownFileType = folder.assetcatalog; path = "Preview Assets.xcassets"; sourceTree = "<group>"; };
		C75C2EE725561309009B6ADA /* Info.plist */ = {isa = PBXFileReference; lastKnownFileType = text.plist.xml; path = Info.plist; sourceTree = "<group>"; };
		C75C2EEC25561309009B6ADA /* JimoTests.xctest */ = {isa = PBXFileReference; explicitFileType = wrapper.cfbundle; includeInIndex = 0; path = JimoTests.xctest; sourceTree = BUILT_PRODUCTS_DIR; };
		C75C2EF025561309009B6ADA /* JimoTests.swift */ = {isa = PBXFileReference; lastKnownFileType = sourcecode.swift; path = JimoTests.swift; sourceTree = "<group>"; };
		C75C2EF225561309009B6ADA /* Info.plist */ = {isa = PBXFileReference; lastKnownFileType = text.plist.xml; path = Info.plist; sourceTree = "<group>"; };
		C75C2EF725561309009B6ADA /* JimoUITests.xctest */ = {isa = PBXFileReference; explicitFileType = wrapper.cfbundle; includeInIndex = 0; path = JimoUITests.xctest; sourceTree = BUILT_PRODUCTS_DIR; };
		C75C2EFB25561309009B6ADA /* JimoUITests.swift */ = {isa = PBXFileReference; lastKnownFileType = sourcecode.swift; path = JimoUITests.swift; sourceTree = "<group>"; };
		C75C2EFD25561309009B6ADA /* Info.plist */ = {isa = PBXFileReference; lastKnownFileType = text.plist.xml; path = Info.plist; sourceTree = "<group>"; };
		C75C2F1F2556166D009B6ADA /* User.swift */ = {isa = PBXFileReference; lastKnownFileType = sourcecode.swift; path = User.swift; sourceTree = "<group>"; };
		C75C2F24255616CC009B6ADA /* Post.swift */ = {isa = PBXFileReference; lastKnownFileType = sourcecode.swift; path = Post.swift; sourceTree = "<group>"; };
		C75C2F3E255617CA009B6ADA /* CreatePost.swift */ = {isa = PBXFileReference; lastKnownFileType = sourcecode.swift; path = CreatePost.swift; sourceTree = "<group>"; };
		C764144F25D0FD4100CBDE3F /* SearchViewModel.swift */ = {isa = PBXFileReference; lastKnownFileType = sourcecode.swift; path = SearchViewModel.swift; sourceTree = "<group>"; };
		C764145425D0FD6000CBDE3F /* DiscoverViewModel.swift */ = {isa = PBXFileReference; lastKnownFileType = sourcecode.swift; path = DiscoverViewModel.swift; sourceTree = "<group>"; };
		C7654E5B27FBA5050023A541 /* MKCoordinateRegion+Hashable.swift */ = {isa = PBXFileReference; lastKnownFileType = sourcecode.swift; path = "MKCoordinateRegion+Hashable.swift"; sourceTree = "<group>"; };
		C76A8AFE2596DDD700623DA2 /* ImagePicker.swift */ = {isa = PBXFileReference; lastKnownFileType = sourcecode.swift; path = ImagePicker.swift; sourceTree = "<group>"; };
		C76DEA32255E559C008A9E1B /* Search.swift */ = {isa = PBXFileReference; lastKnownFileType = sourcecode.swift; path = Search.swift; sourceTree = "<group>"; };
		C76E913725D20F6E00762803 /* FollowContacts.swift */ = {isa = PBXFileReference; lastKnownFileType = sourcecode.swift; path = FollowContacts.swift; sourceTree = "<group>"; };
		C76E913D25D21E2800762803 /* OnboardingView.swift */ = {isa = PBXFileReference; lastKnownFileType = sourcecode.swift; path = OnboardingView.swift; sourceTree = "<group>"; };
		C77321DB2557EF390087FAA6 /* URLImage.swift */ = {isa = PBXFileReference; lastKnownFileType = sourcecode.swift; path = URLImage.swift; sourceTree = "<group>"; };
		C773DFBC25DF90FA00E40102 /* TextAlert.swift */ = {isa = PBXFileReference; lastKnownFileType = sourcecode.swift; path = TextAlert.swift; sourceTree = "<group>"; };
		C7770C0B2612FD0F00F28B26 /* LaunchScreen.storyboard */ = {isa = PBXFileReference; lastKnownFileType = file.storyboard; path = LaunchScreen.storyboard; sourceTree = "<group>"; };
		C77B0ED727964FC700743351 /* PlacePage.swift */ = {isa = PBXFileReference; lastKnownFileType = sourcecode.swift; path = PlacePage.swift; sourceTree = "<group>"; };
		C77B0ED92796500900743351 /* PostPage.swift */ = {isa = PBXFileReference; lastKnownFileType = sourcecode.swift; path = PostPage.swift; sourceTree = "<group>"; };
		C78049132788CDF700A9A2AF /* CategoryFilter.swift */ = {isa = PBXFileReference; lastKnownFileType = sourcecode.swift; path = CategoryFilter.swift; sourceTree = "<group>"; };
		C78049152788E10E00A9A2AF /* UserFilter.swift */ = {isa = PBXFileReference; lastKnownFileType = sourcecode.swift; path = UserFilter.swift; sourceTree = "<group>"; };
		C78653E727D8476000A0D1A0 /* Analytics.swift */ = {isa = PBXFileReference; lastKnownFileType = sourcecode.swift; path = Analytics.swift; sourceTree = "<group>"; };
		C79183472597DABF006B4056 /* PopupView.swift */ = {isa = PBXFileReference; lastKnownFileType = sourcecode.swift; path = PopupView.swift; sourceTree = "<group>"; };
		C791835E2597EC64006B4056 /* Constants.swift */ = {isa = PBXFileReference; lastKnownFileType = sourcecode.swift; path = Constants.swift; sourceTree = "<group>"; };
		C7959C7626AFCDE500EB9FD2 /* UserPublisher.swift */ = {isa = PBXFileReference; lastKnownFileType = sourcecode.swift; path = UserPublisher.swift; sourceTree = "<group>"; };
		C79E1E9E2788BE2200267A86 /* MapViewV2.swift */ = {isa = PBXFileReference; lastKnownFileType = sourcecode.swift; path = MapViewV2.swift; sourceTree = "<group>"; };
		C79E1EA02788BF9100267A86 /* MapViewModelV2.swift */ = {isa = PBXFileReference; lastKnownFileType = sourcecode.swift; path = MapViewModelV2.swift; sourceTree = "<group>"; };
		C79EA00125AFD56F00A38DB8 /* AppState.swift */ = {isa = PBXFileReference; lastKnownFileType = sourcecode.swift; path = AppState.swift; sourceTree = "<group>"; };
		C7A9497727C979AE002D89FE /* LiteMapView.swift */ = {isa = PBXFileReference; lastKnownFileType = sourcecode.swift; path = LiteMapView.swift; sourceTree = "<group>"; };
		C7AEACF325D86F5B00EDEB7D /* EditProfile.swift */ = {isa = PBXFileReference; lastKnownFileType = sourcecode.swift; path = EditProfile.swift; sourceTree = "<group>"; };
		C7AEACFC25D8720E00EDEB7D /* Settings.swift */ = {isa = PBXFileReference; lastKnownFileType = sourcecode.swift; path = Settings.swift; sourceTree = "<group>"; };
		C7B91FE4282448BA00F383BC /* ShareButtonView.swift */ = {isa = PBXFileReference; lastKnownFileType = sourcecode.swift; path = ShareButtonView.swift; sourceTree = "<group>"; };
		C7B91FE6282449C700F383BC /* ActivityView.swift */ = {isa = PBXFileReference; lastKnownFileType = sourcecode.swift; path = ActivityView.swift; sourceTree = "<group>"; };
		C7B91FE828245D2400F383BC /* SharePostButton.swift */ = {isa = PBXFileReference; lastKnownFileType = sourcecode.swift; path = SharePostButton.swift; sourceTree = "<group>"; };
		C7C3F044255A734600B9D3B3 /* PlaceSearch.swift */ = {isa = PBXFileReference; lastKnownFileType = sourcecode.swift; path = PlaceSearch.swift; sourceTree = "<group>"; };
		C7C3F049255A744A00B9D3B3 /* LocationSearch.swift */ = {isa = PBXFileReference; lastKnownFileType = sourcecode.swift; path = LocationSearch.swift; sourceTree = "<group>"; };
		C7C3FC242790DC89000AA023 /* MapKitViewV2.swift */ = {isa = PBXFileReference; lastKnownFileType = sourcecode.swift; path = MapKitViewV2.swift; sourceTree = "<group>"; };
		C7C50B8D2773B9550064A02B /* Light@3x.png */ = {isa = PBXFileReference; lastKnownFileType = image.png; path = "Light@3x.png"; sourceTree = "<group>"; };
		C7C50B8E2773B9550064A02B /* Light@2x.png */ = {isa = PBXFileReference; lastKnownFileType = image.png; path = "Light@2x.png"; sourceTree = "<group>"; };
		C7D1190C25A186CC00A222E3 /* NavTitle.swift */ = {isa = PBXFileReference; lastKnownFileType = sourcecode.swift; path = NavTitle.swift; sourceTree = "<group>"; };
		C7D2D84925CE55C600246BD0 /* UINavigationController+UIGestureRecognizerDelegate.swift */ = {isa = PBXFileReference; lastKnownFileType = sourcecode.swift; path = "UINavigationController+UIGestureRecognizerDelegate.swift"; sourceTree = "<group>"; };
		C7D2D85125CE6DD500246BD0 /* MKCoordinateRegion+Equatable.swift */ = {isa = PBXFileReference; lastKnownFileType = sourcecode.swift; path = "MKCoordinateRegion+Equatable.swift"; sourceTree = "<group>"; };
		C7D2D85625CE6E1200246BD0 /* CLLocationCoordinate2D+Equatable.swift */ = {isa = PBXFileReference; lastKnownFileType = sourcecode.swift; path = "CLLocationCoordinate2D+Equatable.swift"; sourceTree = "<group>"; };
		C7D2D85B25CE6E4200246BD0 /* MKCoordinateSpan+Equatable.swift */ = {isa = PBXFileReference; lastKnownFileType = sourcecode.swift; path = "MKCoordinateSpan+Equatable.swift"; sourceTree = "<group>"; };
		C7D432A92818A01900789380 /* DeepLinkViewPost.swift */ = {isa = PBXFileReference; lastKnownFileType = sourcecode.swift; path = DeepLinkViewPost.swift; sourceTree = "<group>"; };
		C7D73FD625A7BCDD007699AF /* ProfileTab.swift */ = {isa = PBXFileReference; lastKnownFileType = sourcecode.swift; path = ProfileTab.swift; sourceTree = "<group>"; };
		C7DE07B326AE5FEE006048E4 /* CommentPublisher.swift */ = {isa = PBXFileReference; lastKnownFileType = sourcecode.swift; path = CommentPublisher.swift; sourceTree = "<group>"; };
		C7E2732C25EC62DA00C787DB /* Checkbox.swift */ = {isa = PBXFileReference; fileEncoding = 4; lastKnownFileType = sourcecode.swift; path = Checkbox.swift; sourceTree = "<group>"; };
		C7E7F68327F3C09800F9D598 /* Screens.swift */ = {isa = PBXFileReference; lastKnownFileType = sourcecode.swift; path = Screens.swift; sourceTree = "<group>"; };
		C7EAD4CE25ABBD9A004A9F53 /* CreatePostVM.swift */ = {isa = PBXFileReference; lastKnownFileType = sourcecode.swift; path = CreatePostVM.swift; sourceTree = "<group>"; };
		C7EAD4D325ABBDCC004A9F53 /* PostVM.swift */ = {isa = PBXFileReference; lastKnownFileType = sourcecode.swift; path = PostVM.swift; sourceTree = "<group>"; };
		C7EAD4D825AC1D49004A9F53 /* APIClient.swift */ = {isa = PBXFileReference; lastKnownFileType = sourcecode.swift; path = APIClient.swift; sourceTree = "<group>"; };
		C7EAD4DD25AC1DD0004A9F53 /* AuthClient.swift */ = {isa = PBXFileReference; lastKnownFileType = sourcecode.swift; path = AuthClient.swift; sourceTree = "<group>"; };
		C7F6D502255A42BA00E8D216 /* SearchBar.swift */ = {isa = PBXFileReference; lastKnownFileType = sourcecode.swift; path = SearchBar.swift; sourceTree = "<group>"; };
		C7FD676F27C44F0800B8B2B8 /* LocationAnnotationViewV2.swift */ = {isa = PBXFileReference; lastKnownFileType = sourcecode.swift; path = LocationAnnotationViewV2.swift; sourceTree = "<group>"; };
		C7FF3D1E278D711B0031FAE4 /* MapQuickView.swift */ = {isa = PBXFileReference; lastKnownFileType = sourcecode.swift; path = MapQuickView.swift; sourceTree = "<group>"; };
		C7FF3D20278D80F20031FAE4 /* BlurBackground.swift */ = {isa = PBXFileReference; lastKnownFileType = sourcecode.swift; path = BlurBackground.swift; sourceTree = "<group>"; };
		EB9F8359083287A5DCE222B5 /* libPods-JimoTests.a */ = {isa = PBXFileReference; explicitFileType = archive.ar; includeInIndex = 0; path = "libPods-JimoTests.a"; sourceTree = BUILT_PRODUCTS_DIR; };
/* End PBXFileReference section */

/* Begin PBXFrameworksBuildPhase section */
		C75C2ED825561309009B6ADA /* Frameworks */ = {
			isa = PBXFrameworksBuildPhase;
			buildActionMask = 2147483647;
			files = (
				C72BB2AE28038C09001997C1 /* ASCollectionView in Frameworks */,
				B1BDC32DD302CD7D02D01BF6 /* libPods-Jimo.a in Frameworks */,
				C79E1E9D2788BDE500267A86 /* BottomSheet in Frameworks */,
				C7FC69E02790160100C41ED3 /* SwiftUIPager in Frameworks */,
			);
			runOnlyForDeploymentPostprocessing = 0;
		};
		C75C2EE925561309009B6ADA /* Frameworks */ = {
			isa = PBXFrameworksBuildPhase;
			buildActionMask = 2147483647;
			files = (
				94FA500EAC2023560527DE7F /* libPods-JimoTests.a in Frameworks */,
			);
			runOnlyForDeploymentPostprocessing = 0;
		};
		C75C2EF425561309009B6ADA /* Frameworks */ = {
			isa = PBXFrameworksBuildPhase;
			buildActionMask = 2147483647;
			files = (
				A788A941DB49C8E2AB2195EB /* libPods-Jimo-JimoUITests.a in Frameworks */,
			);
			runOnlyForDeploymentPostprocessing = 0;
		};
/* End PBXFrameworksBuildPhase section */

/* Begin PBXGroup section */
		08D0F93A6A0254024999DD24 /* Pods */ = {
			isa = PBXGroup;
			children = (
				0C3D8D810C9EE1AAD08C7081 /* Pods-Jimo.debug.xcconfig */,
				1E1E16AB7C2E9F83F99FB5FC /* Pods-Jimo.release.xcconfig */,
				46903672F5D692917EF2A9D8 /* Pods-Jimo-JimoUITests.debug.xcconfig */,
				C5AAE5879244803D3CA89D65 /* Pods-Jimo-JimoUITests.release.xcconfig */,
				9259EE546D4102C558B8162D /* Pods-JimoTests.debug.xcconfig */,
				C4BEAA07CB633BF4EBA752E4 /* Pods-JimoTests.release.xcconfig */,
			);
			path = Pods;
			sourceTree = "<group>";
		};
		1FC816C425E3422E009B803F /* Feedback */ = {
			isa = PBXGroup;
			children = (
				1FC816C525E34249009B803F /* Feedback.swift */,
				C7493980255663E100D1E8D3 /* RoundedButton.swift */,
				C7E2732C25EC62DA00C787DB /* Checkbox.swift */,
			);
			path = Feedback;
			sourceTree = "<group>";
		};
		C7031A6C27C5A67300A90D24 /* Models */ = {
			isa = PBXGroup;
			children = (
				C79E1EA02788BF9100267A86 /* MapViewModelV2.swift */,
				C7031A6A27C5A61400A90D24 /* RegionWrapper.swift */,
				C7031A6F27C5A7DF00A90D24 /* QuickViewModel.swift */,
			);
			path = Models;
			sourceTree = "<group>";
		};
		C7031A7327C5AB6E00A90D24 /* BottomSheet */ = {
			isa = PBXGroup;
			children = (
				C7031A7127C5AB5300A90D24 /* MapBottomSheet.swift */,
				C7031A7427C5ABE900A90D24 /* MapBottomSheetHeader.swift */,
			);
			path = BottomSheet;
			sourceTree = "<group>";
		};
		C7031A7627C5ACA500A90D24 /* FilterViews */ = {
			isa = PBXGroup;
			children = (
				C78049132788CDF700A9A2AF /* CategoryFilter.swift */,
				C78049152788E10E00A9A2AF /* UserFilter.swift */,
			);
			path = FilterViews;
			sourceTree = "<group>";
		};
		C7031A7727C5ACC700A90D24 /* Components */ = {
			isa = PBXGroup;
			children = (
				C758BAAF26FC148A007DFE30 /* MapSnapshotView.swift */,
				C7FF3D20278D80F20031FAE4 /* BlurBackground.swift */,
				C70647792797289800B9CCD2 /* MapSearchField.swift */,
				C7FD676F27C44F0800B8B2B8 /* LocationAnnotationViewV2.swift */,
				C7031A7A27C5AD9400A90D24 /* CurrentLocationButton.swift */,
				C7031A7C27C5B12D00A90D24 /* PlaceAnnotationV2.swift */,
			);
			path = Components;
			sourceTree = "<group>";
		};
		C70367042557628200F970DE /* Modifiers */ = {
			isa = PBXGroup;
			children = (
				C70367052557629900F970DE /* NavigationViewModifier.swift */,
			);
			path = Modifiers;
			sourceTree = "<group>";
		};
		C707E01627EE513E0077B8DA /* Profile */ = {
			isa = PBXGroup;
			children = (
				1FFF5CEB264A384D005BB943 /* UserFollowFeed.swift */,
				C7D73FD625A7BCDD007699AF /* ProfileTab.swift */,
				C703670D255764FD00F970DE /* Profile.swift */,
				C7106B0B2560C9F800C10EFF /* ProfileViewModel.swift */,
			);
			path = Profile;
			sourceTree = "<group>";
		};
		C707E01727EE514C0077B8DA /* Post */ = {
			isa = PBXGroup;
			children = (
				C707E01F27EE537D0077B8DA /* CreatePost */,
				C7EAD4D325ABBDCC004A9F53 /* PostVM.swift */,
				C736A9EA25A541F60086B809 /* ViewPost.swift */,
				C70E61C626EAE56E00340EEC /* PostComponents.swift */,
				C7D432A92818A01900789380 /* DeepLinkViewPost.swift */,
				C7B91FE828245D2400F383BC /* SharePostButton.swift */,
			);
			path = Post;
			sourceTree = "<group>";
		};
		C707E01A27EE52100077B8DA /* InviteContacts */ = {
			isa = PBXGroup;
			children = (
				C7019F6725EEB10200C1165A /* InviteContactsView.swift */,
			);
			path = InviteContacts;
			sourceTree = "<group>";
		};
		C707E01B27EE52220077B8DA /* Feed */ = {
			isa = PBXGroup;
			children = (
				C704706927FB982300D71589 /* FeedItem.swift */,
				C72F3CB82587264A00DDB76C /* Feed.swift */,
				C707E02027EE54670077B8DA /* Notifications */,
				C707E01A27EE52100077B8DA /* InviteContacts */,
			);
			path = Feed;
			sourceTree = "<group>";
		};
		C707E01C27EE52470077B8DA /* Search */ = {
			isa = PBXGroup;
			children = (
				C764145425D0FD6000CBDE3F /* DiscoverViewModel.swift */,
				C764144F25D0FD4100CBDE3F /* SearchViewModel.swift */,
				C76DEA32255E559C008A9E1B /* Search.swift */,
			);
			path = Search;
			sourceTree = "<group>";
		};
		C707E01E27EE53170077B8DA /* Comment */ = {
			isa = PBXGroup;
			children = (
				C7416D072647170600FA58EE /* CommentsViewModel.swift */,
				C7416D0926471DBE00FA58EE /* CommentItem.swift */,
				C7416D0B26474AA000FA58EE /* CommentInputField.swift */,
			);
			path = Comment;
			sourceTree = "<group>";
		};
		C707E01F27EE537D0077B8DA /* CreatePost */ = {
			isa = PBXGroup;
			children = (
				C7EAD4CE25ABBD9A004A9F53 /* CreatePostVM.swift */,
				C75C2F3E255617CA009B6ADA /* CreatePost.swift */,
				C749397B255659AE00D1E8D3 /* MultilineTextField.swift */,
				C7C3F044255A734600B9D3B3 /* PlaceSearch.swift */,
			);
			path = CreatePost;
			sourceTree = "<group>";
		};
		C707E02027EE54670077B8DA /* Notifications */ = {
			isa = PBXGroup;
			children = (
				1F98464925EF409E0075AF04 /* NotificationFeed.swift */,
			);
			path = Notifications;
			sourceTree = "<group>";
		};
		C70AE46B25CA8DAA009920E8 /* NewUser */ = {
			isa = PBXGroup;
			children = (
				C70AE47425CA8E48009920E8 /* HomeMenu.swift */,
				C70AE47925CA8E76009920E8 /* EnterPhoneNumber.swift */,
				C70AE47E25CA8EC5009920E8 /* VerifyPhoneNumber.swift */,
				C7260C582585D27C0002A335 /* CreateProfileView.swift */,
				C3573074281B396500E5D6C3 /* EmailLogin.swift */,
			);
			path = NewUser;
			sourceTree = "<group>";
		};
		C72BB2AF28038DD9001997C1 /* Navigation */ = {
			isa = PBXGroup;
			children = (
				C72BB2B028038DEA001997C1 /* PostDestination.swift */,
				5ACBEC95281083D400A47948 /* DeepLinkManager.swift */,
			);
			path = Navigation;
			sourceTree = "<group>";
		};
		C74D020526A667CC00381C1B /* Publishers */ = {
			isa = PBXGroup;
			children = (
				C7959C7626AFCDE500EB9FD2 /* UserPublisher.swift */,
				C74D020626A667E000381C1B /* PostPublisher.swift */,
				C7DE07B326AE5FEE006048E4 /* CommentPublisher.swift */,
			);
			path = Publishers;
			sourceTree = "<group>";
		};
		C751767E25FEFA3E00DCB856 /* Components */ = {
			isa = PBXGroup;
			children = (
				C70AE46125CA37EA009920E8 /* PhoneNumberTextFieldView.swift */,
				C751767F25FEFA5A00DCB856 /* SuggestedUserView.swift */,
				C751768425FEFA7700DCB856 /* UserList.swift */,
			);
			path = Components;
			sourceTree = "<group>";
		};
		C751768E25FEFAAD00DCB856 /* Onboarding */ = {
			isa = PBXGroup;
			children = (
				C751769225FEFACB00DCB856 /* SuggestedUserStore.swift */,
				C751768925FEFAA300DCB856 /* ExistingContactStore.swift */,
				C751769725FEFAE000DCB856 /* FeaturedUserStore.swift */,
			);
			path = Onboarding;
			sourceTree = "<group>";
		};
		C757F86D27F150A500364EDB /* Permissions */ = {
			isa = PBXGroup;
			children = (
				C757F86B27F10C3700364EDB /* PermissionManager.swift */,
				C757F86E27F150DD00364EDB /* NotificationPermissions.swift */,
				C757F87027F150F700364EDB /* LocationPermissions.swift */,
				C70F53BD27F2A42600A15EE2 /* ContactsPermissions.swift */,
			);
			path = Permissions;
			sourceTree = "<group>";
		};
		C75C2ED225561308009B6ADA = {
			isa = PBXGroup;
			children = (
				C75C2EDD25561309009B6ADA /* Jimo */,
				C75C2EEF25561309009B6ADA /* JimoTests */,
				C75C2EFA25561309009B6ADA /* JimoUITests */,
				C75C2EDC25561309009B6ADA /* Products */,
				08D0F93A6A0254024999DD24 /* Pods */,
				C7CDED1B011467E29D97C765 /* Frameworks */,
			);
			sourceTree = "<group>";
		};
		C75C2EDC25561309009B6ADA /* Products */ = {
			isa = PBXGroup;
			children = (
				C75C2EDB25561309009B6ADA /* Jimo.app */,
				C75C2EEC25561309009B6ADA /* JimoTests.xctest */,
				C75C2EF725561309009B6ADA /* JimoUITests.xctest */,
			);
			name = Products;
			sourceTree = "<group>";
		};
		C75C2EDD25561309009B6ADA /* Jimo */ = {
			isa = PBXGroup;
			children = (
				C7C50B8C2773B9140064A02B /* Icons */,
				C72E1D1125CA1ADD0091C894 /* Jimo.entitlements */,
				C74BC943256E25CD0095A2BA /* GoogleService-Info.plist */,
				C7A898A0255E503F00C3F6B6 /* Helpers */,
				C75C2F0D25561342009B6ADA /* Views */,
				C75C2F0C2556131B009B6ADA /* Models */,
				C75C2EDE25561309009B6ADA /* JimoApp.swift */,
				C75C2EE225561309009B6ADA /* Assets.xcassets */,
				C75C2EE725561309009B6ADA /* Info.plist */,
				C75C2EE425561309009B6ADA /* Preview Content */,
				C791835E2597EC64006B4056 /* Constants.swift */,
				C7770C0B2612FD0F00F28B26 /* LaunchScreen.storyboard */,
			);
			path = Jimo;
			sourceTree = "<group>";
		};
		C75C2EE425561309009B6ADA /* Preview Content */ = {
			isa = PBXGroup;
			children = (
				C75C2EE525561309009B6ADA /* Preview Assets.xcassets */,
			);
			path = "Preview Content";
			sourceTree = "<group>";
		};
		C75C2EEF25561309009B6ADA /* JimoTests */ = {
			isa = PBXGroup;
			children = (
				C75C2EF025561309009B6ADA /* JimoTests.swift */,
				C75C2EF225561309009B6ADA /* Info.plist */,
			);
			path = JimoTests;
			sourceTree = "<group>";
		};
		C75C2EFA25561309009B6ADA /* JimoUITests */ = {
			isa = PBXGroup;
			children = (
				C75C2EFB25561309009B6ADA /* JimoUITests.swift */,
				C75C2EFD25561309009B6ADA /* Info.plist */,
			);
			path = JimoUITests;
			sourceTree = "<group>";
		};
		C75C2F0C2556131B009B6ADA /* Models */ = {
			isa = PBXGroup;
			children = (
				C72BB2AF28038DD9001997C1 /* Navigation */,
				C757F86D27F150A500364EDB /* Permissions */,
				C79EA00025AFD51300A38DB8 /* Types */,
				C751768E25FEFAAD00DCB856 /* Onboarding */,
				C74D020526A667CC00381C1B /* Publishers */,
				C7C3F049255A744A00B9D3B3 /* LocationSearch.swift */,
				C7EAD4D825AC1D49004A9F53 /* APIClient.swift */,
				C7EAD4DD25AC1DD0004A9F53 /* AuthClient.swift */,
				C79EA00125AFD56F00A38DB8 /* AppState.swift */,
				C74183DF25D6E3A2007F13C1 /* GlobalViewState.swift */,
				C7317F3E25E5C5840070E938 /* ImageUploadService.swift */,
				C701233327F65C78008F3F21 /* NetworkConnectionMonitor.swift */,
				C78653E727D8476000A0D1A0 /* Analytics.swift */,
				C7E7F68327F3C09800F9D598 /* Screens.swift */,
			);
			path = Models;
			sourceTree = "<group>";
		};
		C75C2F0D25561342009B6ADA /* Views */ = {
			isa = PBXGroup;
			children = (
				C70367042557628200F970DE /* Modifiers */,
				C7614B4A25561AB400A376DF /* Common */,
				C75C2F43255619D4009B6ADA /* Views */,
			);
			path = Views;
			sourceTree = "<group>";
		};
		C75C2F43255619D4009B6ADA /* Views */ = {
			isa = PBXGroup;
			children = (
				C70AE46B25CA8DAA009920E8 /* NewUser */,
				C76E913C25D21E1300762803 /* Onboarding */,
				C78049122788CDE000A9A2AF /* Map */,
				C707E01B27EE52220077B8DA /* Feed */,
				C707E01727EE514C0077B8DA /* Post */,
				C707E01C27EE52470077B8DA /* Search */,
				C707E01627EE513E0077B8DA /* Profile */,
				C707E01E27EE53170077B8DA /* Comment */,
				C7AEACF825D8719B00EDEB7D /* Settings */,
				1FC816C425E3422E009B803F /* Feedback */,
				C75176A725FF025200DCB856 /* LoggedInView.swift */,
				C72F3CBD258726BA00DDB76C /* MainAppView.swift */,
				C712B6E8262E497900DAEB1D /* UITabView.swift */,
				C75C2EE025561309009B6ADA /* ContentView.swift */,
			);
			path = Views;
			sourceTree = "<group>";
		};
		C7614B4A25561AB400A376DF /* Common */ = {
			isa = PBXGroup;
			children = (
				C77321DB2557EF390087FAA6 /* URLImage.swift */,
				C76A8AFE2596DDD700623DA2 /* ImagePicker.swift */,
				C7F6D502255A42BA00E8D216 /* SearchBar.swift */,
				C79183472597DABF006B4056 /* PopupView.swift */,
				C71B1B142599B7FE004BF1CD /* Toast.swift */,
				C7D1190C25A186CC00A222E3 /* NavTitle.swift */,
				C70AE48325CA8FA9009920E8 /* LargeButton.swift */,
				C773DFBC25DF90FA00E40102 /* TextAlert.swift */,
				C758BAAD26FC0033007DFE30 /* LazyView.swift */,
				C725F87327F680F800370896 /* RefreshableScrollView.swift */,
				C7B91FE4282448BA00F383BC /* ShareButtonView.swift */,
				C7B91FE6282449C700F383BC /* ActivityView.swift */,
			);
			path = Common;
			sourceTree = "<group>";
		};
		C76E913C25D21E1300762803 /* Onboarding */ = {
			isa = PBXGroup;
			children = (
				C751767E25FEFA3E00DCB856 /* Components */,
				C76E913D25D21E2800762803 /* OnboardingView.swift */,
				C76E913725D20F6E00762803 /* FollowContacts.swift */,
				C751769F25FEFDEB00DCB856 /* FollowFeatured.swift */,
				C757F87227F1579500364EDB /* RequestPermission.swift */,
				C70F53C127F2ABEF00A15EE2 /* RequestLocation.swift */,
			);
			path = Onboarding;
			sourceTree = "<group>";
		};
		C77B0ED627964E8500743351 /* QuickView */ = {
			isa = PBXGroup;
			children = (
				C7FF3D1E278D711B0031FAE4 /* MapQuickView.swift */,
				C7031A6D27C5A6F400A90D24 /* PinQuickViewCard.swift */,
				C77B0ED727964FC700743351 /* PlacePage.swift */,
				C77B0ED92796500900743351 /* PostPage.swift */,
			);
			path = QuickView;
			sourceTree = "<group>";
		};
		C78049122788CDE000A9A2AF /* Map */ = {
			isa = PBXGroup;
			children = (
				C7031A6C27C5A67300A90D24 /* Models */,
				C7031A7327C5AB6E00A90D24 /* BottomSheet */,
				C77B0ED627964E8500743351 /* QuickView */,
				C7031A7627C5ACA500A90D24 /* FilterViews */,
				C7031A7727C5ACC700A90D24 /* Components */,
				C71E44B72818945F008725F1 /* MapTab.swift */,
				C79E1E9E2788BE2200267A86 /* MapViewV2.swift */,
				C7C3FC242790DC89000AA023 /* MapKitViewV2.swift */,
				C7031A7827C5AD0E00A90D24 /* MapInfoView.swift */,
				C7A9497727C979AE002D89FE /* LiteMapView.swift */,
			);
			path = Map;
			sourceTree = "<group>";
		};
		C79EA00025AFD51300A38DB8 /* Types */ = {
			isa = PBXGroup;
			children = (
				C74BC92A256E198C0095A2BA /* General.swift */,
				C7106AF4256084E200C10EFF /* Place.swift */,
				C75C2F24255616CC009B6ADA /* Post.swift */,
				C7416D0D264793B200FA58EE /* Comment.swift */,
				C75C2F1F2556166D009B6ADA /* User.swift */,
				1F98464325EF38AB0075AF04 /* Notifications.swift */,
				C753CF7427C327C000B1EEA3 /* MapV3.swift */,
			);
			path = Types;
			sourceTree = "<group>";
		};
		C7A898A0255E503F00C3F6B6 /* Helpers */ = {
			isa = PBXGroup;
			children = (
				C7318C902560E1F000E75BE6 /* HideKeyboard.swift */,
				C7D2D84925CE55C600246BD0 /* UINavigationController+UIGestureRecognizerDelegate.swift */,
				C7D2D85125CE6DD500246BD0 /* MKCoordinateRegion+Equatable.swift */,
				C7D2D85625CE6E1200246BD0 /* CLLocationCoordinate2D+Equatable.swift */,
				C7D2D85B25CE6E4200246BD0 /* MKCoordinateSpan+Equatable.swift */,
				C73ED51C260EFDF4005CC0B4 /* View+appear.swift */,
				C73ED521260EFE79005CC0B4 /* View+disappear.swift */,
				C7506CDF26F2DDDD00265633 /* UIDevice+hasNotch.swift */,
				C707E02127EE565C0077B8DA /* NoButtonStyle.swift */,
				C757F87627F15BE400364EDB /* InvertBindings.swift */,
				C7654E5B27FBA5050023A541 /* MKCoordinateRegion+Hashable.swift */,
				C72BB2B228038F6D001997C1 /* View+navigation.swift */,
				C72BB2B4280396C2001997C1 /* String+Identifiable.swift */,
			);
			path = Helpers;
			sourceTree = "<group>";
		};
		C7AEACF825D8719B00EDEB7D /* Settings */ = {
			isa = PBXGroup;
			children = (
				C7AEACFC25D8720E00EDEB7D /* Settings.swift */,
				C7AEACF325D86F5B00EDEB7D /* EditProfile.swift */,
				C7315BC0266AD7D50086BD52 /* EditPreferences.swift */,
			);
			path = Settings;
			sourceTree = "<group>";
		};
		C7C50B8C2773B9140064A02B /* Icons */ = {
			isa = PBXGroup;
			children = (
				C7C50B8E2773B9550064A02B /* Light@2x.png */,
				C7C50B8D2773B9550064A02B /* Light@3x.png */,
			);
			path = Icons;
			sourceTree = "<group>";
		};
		C7CDED1B011467E29D97C765 /* Frameworks */ = {
			isa = PBXGroup;
			children = (
				7124939F1770230B52A71F08 /* libPods-Jimo.a */,
				5A1ED3703FCFA0D2784FCB63 /* libPods-Jimo-JimoUITests.a */,
				EB9F8359083287A5DCE222B5 /* libPods-JimoTests.a */,
			);
			name = Frameworks;
			sourceTree = "<group>";
		};
/* End PBXGroup section */

/* Begin PBXNativeTarget section */
		C75C2EDA25561309009B6ADA /* Jimo */ = {
			isa = PBXNativeTarget;
			buildConfigurationList = C75C2F0025561309009B6ADA /* Build configuration list for PBXNativeTarget "Jimo" */;
			buildPhases = (
				582AA55124FF262E1F953149 /* [CP] Check Pods Manifest.lock */,
				C75C2ED725561309009B6ADA /* Sources */,
				C75C2ED825561309009B6ADA /* Frameworks */,
				C75C2ED925561309009B6ADA /* Resources */,
				43F84AF732442B64C6227273 /* [CP] Copy Pods Resources */,
				C750AB2225DA61FF00049D6D /* ShellScript */,
			);
			buildRules = (
			);
			dependencies = (
			);
			name = Jimo;
			packageProductDependencies = (
				C79E1E9C2788BDE500267A86 /* BottomSheet */,
				C7FC69DF2790160100C41ED3 /* SwiftUIPager */,
				C72BB2AD28038C09001997C1 /* ASCollectionView */,
			);
			productName = GoodplacesApp;
			productReference = C75C2EDB25561309009B6ADA /* Jimo.app */;
			productType = "com.apple.product-type.application";
		};
		C75C2EEB25561309009B6ADA /* JimoTests */ = {
			isa = PBXNativeTarget;
			buildConfigurationList = C75C2F0325561309009B6ADA /* Build configuration list for PBXNativeTarget "JimoTests" */;
			buildPhases = (
				44F0A8C6D1D6928AEEF86D01 /* [CP] Check Pods Manifest.lock */,
				C75C2EE825561309009B6ADA /* Sources */,
				C75C2EE925561309009B6ADA /* Frameworks */,
				C75C2EEA25561309009B6ADA /* Resources */,
			);
			buildRules = (
			);
			dependencies = (
				C75C2EEE25561309009B6ADA /* PBXTargetDependency */,
			);
			name = JimoTests;
			productName = GoodplacesAppTests;
			productReference = C75C2EEC25561309009B6ADA /* JimoTests.xctest */;
			productType = "com.apple.product-type.bundle.unit-test";
		};
		C75C2EF625561309009B6ADA /* JimoUITests */ = {
			isa = PBXNativeTarget;
			buildConfigurationList = C75C2F0625561309009B6ADA /* Build configuration list for PBXNativeTarget "JimoUITests" */;
			buildPhases = (
				A8F3AED62A6753F859A442DD /* [CP] Check Pods Manifest.lock */,
				C75C2EF325561309009B6ADA /* Sources */,
				C75C2EF425561309009B6ADA /* Frameworks */,
				C75C2EF525561309009B6ADA /* Resources */,
				71139F8842D6A46E5FEFA6BE /* [CP] Copy Pods Resources */,
			);
			buildRules = (
			);
			dependencies = (
				C75C2EF925561309009B6ADA /* PBXTargetDependency */,
			);
			name = JimoUITests;
			productName = GoodplacesAppUITests;
			productReference = C75C2EF725561309009B6ADA /* JimoUITests.xctest */;
			productType = "com.apple.product-type.bundle.ui-testing";
		};
/* End PBXNativeTarget section */

/* Begin PBXProject section */
		C75C2ED325561308009B6ADA /* Project object */ = {
			isa = PBXProject;
			attributes = {
				LastSwiftUpdateCheck = 1200;
				LastUpgradeCheck = 1200;
				TargetAttributes = {
					C75C2EDA25561309009B6ADA = {
						CreatedOnToolsVersion = 12.0.1;
					};
					C75C2EEB25561309009B6ADA = {
						CreatedOnToolsVersion = 12.0.1;
						TestTargetID = C75C2EDA25561309009B6ADA;
					};
					C75C2EF625561309009B6ADA = {
						CreatedOnToolsVersion = 12.0.1;
						TestTargetID = C75C2EDA25561309009B6ADA;
					};
				};
			};
			buildConfigurationList = C75C2ED625561308009B6ADA /* Build configuration list for PBXProject "Jimo" */;
			compatibilityVersion = "Xcode 9.3";
			developmentRegion = en;
			hasScannedForEncodings = 0;
			knownRegions = (
				en,
				Base,
			);
			mainGroup = C75C2ED225561308009B6ADA;
			packageReferences = (
				C79E1E9B2788BDE500267A86 /* XCRemoteSwiftPackageReference "BottomSheet" */,
				C7FC69DE2790160100C41ED3 /* XCRemoteSwiftPackageReference "SwiftUIPager" */,
				C72BB2AC28038C09001997C1 /* XCRemoteSwiftPackageReference "ASCollectionView" */,
			);
			productRefGroup = C75C2EDC25561309009B6ADA /* Products */;
			projectDirPath = "";
			projectRoot = "";
			targets = (
				C75C2EDA25561309009B6ADA /* Jimo */,
				C75C2EEB25561309009B6ADA /* JimoTests */,
				C75C2EF625561309009B6ADA /* JimoUITests */,
			);
		};
/* End PBXProject section */

/* Begin PBXResourcesBuildPhase section */
		C75C2ED925561309009B6ADA /* Resources */ = {
			isa = PBXResourcesBuildPhase;
			buildActionMask = 2147483647;
			files = (
				C75C2EE625561309009B6ADA /* Preview Assets.xcassets in Resources */,
				C7C50B902773B9550064A02B /* Light@2x.png in Resources */,
				C7C50B8F2773B9550064A02B /* Light@3x.png in Resources */,
				C75C2EE325561309009B6ADA /* Assets.xcassets in Resources */,
				C74BC944256E25CD0095A2BA /* GoogleService-Info.plist in Resources */,
				C7770C0C2612FD0F00F28B26 /* LaunchScreen.storyboard in Resources */,
			);
			runOnlyForDeploymentPostprocessing = 0;
		};
		C75C2EEA25561309009B6ADA /* Resources */ = {
			isa = PBXResourcesBuildPhase;
			buildActionMask = 2147483647;
			files = (
			);
			runOnlyForDeploymentPostprocessing = 0;
		};
		C75C2EF525561309009B6ADA /* Resources */ = {
			isa = PBXResourcesBuildPhase;
			buildActionMask = 2147483647;
			files = (
			);
			runOnlyForDeploymentPostprocessing = 0;
		};
/* End PBXResourcesBuildPhase section */

/* Begin PBXShellScriptBuildPhase section */
		43F84AF732442B64C6227273 /* [CP] Copy Pods Resources */ = {
			isa = PBXShellScriptBuildPhase;
			buildActionMask = 2147483647;
			files = (
			);
			inputFileListPaths = (
				"${PODS_ROOT}/Target Support Files/Pods-Jimo/Pods-Jimo-resources-${CONFIGURATION}-input-files.xcfilelist",
			);
			name = "[CP] Copy Pods Resources";
			outputFileListPaths = (
				"${PODS_ROOT}/Target Support Files/Pods-Jimo/Pods-Jimo-resources-${CONFIGURATION}-output-files.xcfilelist",
			);
			runOnlyForDeploymentPostprocessing = 0;
			shellPath = /bin/sh;
			shellScript = "\"${PODS_ROOT}/Target Support Files/Pods-Jimo/Pods-Jimo-resources.sh\"\n";
			showEnvVarsInLog = 0;
		};
		44F0A8C6D1D6928AEEF86D01 /* [CP] Check Pods Manifest.lock */ = {
			isa = PBXShellScriptBuildPhase;
			buildActionMask = 2147483647;
			files = (
			);
			inputFileListPaths = (
			);
			inputPaths = (
				"${PODS_PODFILE_DIR_PATH}/Podfile.lock",
				"${PODS_ROOT}/Manifest.lock",
			);
			name = "[CP] Check Pods Manifest.lock";
			outputFileListPaths = (
			);
			outputPaths = (
				"$(DERIVED_FILE_DIR)/Pods-JimoTests-checkManifestLockResult.txt",
			);
			runOnlyForDeploymentPostprocessing = 0;
			shellPath = /bin/sh;
			shellScript = "diff \"${PODS_PODFILE_DIR_PATH}/Podfile.lock\" \"${PODS_ROOT}/Manifest.lock\" > /dev/null\nif [ $? != 0 ] ; then\n    # print error to STDERR\n    echo \"error: The sandbox is not in sync with the Podfile.lock. Run 'pod install' or update your CocoaPods installation.\" >&2\n    exit 1\nfi\n# This output is used by Xcode 'outputs' to avoid re-running this script phase.\necho \"SUCCESS\" > \"${SCRIPT_OUTPUT_FILE_0}\"\n";
			showEnvVarsInLog = 0;
		};
		582AA55124FF262E1F953149 /* [CP] Check Pods Manifest.lock */ = {
			isa = PBXShellScriptBuildPhase;
			buildActionMask = 2147483647;
			files = (
			);
			inputFileListPaths = (
			);
			inputPaths = (
				"${PODS_PODFILE_DIR_PATH}/Podfile.lock",
				"${PODS_ROOT}/Manifest.lock",
			);
			name = "[CP] Check Pods Manifest.lock";
			outputFileListPaths = (
			);
			outputPaths = (
				"$(DERIVED_FILE_DIR)/Pods-Jimo-checkManifestLockResult.txt",
			);
			runOnlyForDeploymentPostprocessing = 0;
			shellPath = /bin/sh;
			shellScript = "diff \"${PODS_PODFILE_DIR_PATH}/Podfile.lock\" \"${PODS_ROOT}/Manifest.lock\" > /dev/null\nif [ $? != 0 ] ; then\n    # print error to STDERR\n    echo \"error: The sandbox is not in sync with the Podfile.lock. Run 'pod install' or update your CocoaPods installation.\" >&2\n    exit 1\nfi\n# This output is used by Xcode 'outputs' to avoid re-running this script phase.\necho \"SUCCESS\" > \"${SCRIPT_OUTPUT_FILE_0}\"\n";
			showEnvVarsInLog = 0;
		};
		71139F8842D6A46E5FEFA6BE /* [CP] Copy Pods Resources */ = {
			isa = PBXShellScriptBuildPhase;
			buildActionMask = 2147483647;
			files = (
			);
			inputFileListPaths = (
				"${PODS_ROOT}/Target Support Files/Pods-Jimo-JimoUITests/Pods-Jimo-JimoUITests-resources-${CONFIGURATION}-input-files.xcfilelist",
			);
			name = "[CP] Copy Pods Resources";
			outputFileListPaths = (
				"${PODS_ROOT}/Target Support Files/Pods-Jimo-JimoUITests/Pods-Jimo-JimoUITests-resources-${CONFIGURATION}-output-files.xcfilelist",
			);
			runOnlyForDeploymentPostprocessing = 0;
			shellPath = /bin/sh;
			shellScript = "\"${PODS_ROOT}/Target Support Files/Pods-Jimo-JimoUITests/Pods-Jimo-JimoUITests-resources.sh\"\n";
			showEnvVarsInLog = 0;
		};
		A8F3AED62A6753F859A442DD /* [CP] Check Pods Manifest.lock */ = {
			isa = PBXShellScriptBuildPhase;
			buildActionMask = 2147483647;
			files = (
			);
			inputFileListPaths = (
			);
			inputPaths = (
				"${PODS_PODFILE_DIR_PATH}/Podfile.lock",
				"${PODS_ROOT}/Manifest.lock",
			);
			name = "[CP] Check Pods Manifest.lock";
			outputFileListPaths = (
			);
			outputPaths = (
				"$(DERIVED_FILE_DIR)/Pods-Jimo-JimoUITests-checkManifestLockResult.txt",
			);
			runOnlyForDeploymentPostprocessing = 0;
			shellPath = /bin/sh;
			shellScript = "diff \"${PODS_PODFILE_DIR_PATH}/Podfile.lock\" \"${PODS_ROOT}/Manifest.lock\" > /dev/null\nif [ $? != 0 ] ; then\n    # print error to STDERR\n    echo \"error: The sandbox is not in sync with the Podfile.lock. Run 'pod install' or update your CocoaPods installation.\" >&2\n    exit 1\nfi\n# This output is used by Xcode 'outputs' to avoid re-running this script phase.\necho \"SUCCESS\" > \"${SCRIPT_OUTPUT_FILE_0}\"\n";
			showEnvVarsInLog = 0;
		};
		C750AB2225DA61FF00049D6D /* ShellScript */ = {
			isa = PBXShellScriptBuildPhase;
			buildActionMask = 2147483647;
			files = (
			);
			inputFileListPaths = (
			);
			inputPaths = (
				"${DWARF_DSYM_FOLDER_PATH}/${DWARF_DSYM_FILE_NAME}/Contents/Resources/DWARF/${TARGET_NAME}",
				"$(SRCROOT)/$(BUILT_PRODUCTS_DIR)/$(INFOPLIST_PATH)",
			);
			outputFileListPaths = (
			);
			outputPaths = (
			);
			runOnlyForDeploymentPostprocessing = 0;
			shellPath = /bin/sh;
			shellScript = "# Type a script or drag a script file from your workspace to insert its path.\nPods/FirebaseCrashlytics/run\n";
		};
/* End PBXShellScriptBuildPhase section */

/* Begin PBXSourcesBuildPhase section */
		C75C2ED725561309009B6ADA /* Sources */ = {
			isa = PBXSourcesBuildPhase;
			buildActionMask = 2147483647;
			files = (
				C7031A7527C5ABE900A90D24 /* MapBottomSheetHeader.swift in Sources */,
				C751769825FEFAE000DCB856 /* FeaturedUserStore.swift in Sources */,
				C791835F2597EC64006B4056 /* Constants.swift in Sources */,
				C7D2D85725CE6E1200246BD0 /* CLLocationCoordinate2D+Equatable.swift in Sources */,
				C7FF3D1F278D711B0031FAE4 /* MapQuickView.swift in Sources */,
				C72F3CBE258726BA00DDB76C /* MainAppView.swift in Sources */,
				C70AE47525CA8E48009920E8 /* HomeMenu.swift in Sources */,
				C7EAD4DE25AC1DD0004A9F53 /* AuthClient.swift in Sources */,
				C75C2F3F255617CA009B6ADA /* CreatePost.swift in Sources */,
				1F98464A25EF409E0075AF04 /* NotificationFeed.swift in Sources */,
				C736A9EB25A541F60086B809 /* ViewPost.swift in Sources */,
				C78049142788CDF700A9A2AF /* CategoryFilter.swift in Sources */,
				C751769325FEFACB00DCB856 /* SuggestedUserStore.swift in Sources */,
				C751768525FEFA7700DCB856 /* UserList.swift in Sources */,
				C757F86C27F10C3700364EDB /* PermissionManager.swift in Sources */,
				C70F53BE27F2A42600A15EE2 /* ContactsPermissions.swift in Sources */,
				C7019F6825EEB10200C1165A /* InviteContactsView.swift in Sources */,
				C7A9497827C979AE002D89FE /* LiteMapView.swift in Sources */,
				C75C2F202556166D009B6ADA /* User.swift in Sources */,
				C7031A6E27C5A6F400A90D24 /* PinQuickViewCard.swift in Sources */,
				C7EAD4D425ABBDCC004A9F53 /* PostVM.swift in Sources */,
				C706477A2797289800B9CCD2 /* MapSearchField.swift in Sources */,
				C758BAAE26FC0033007DFE30 /* LazyView.swift in Sources */,
				C751768A25FEFAA300DCB856 /* ExistingContactStore.swift in Sources */,
				C7416D0A26471DBE00FA58EE /* CommentItem.swift in Sources */,
				C70F53C227F2ABEF00A15EE2 /* RequestLocation.swift in Sources */,
				C7F6D503255A42BA00E8D216 /* SearchBar.swift in Sources */,
				C751768025FEFA5A00DCB856 /* SuggestedUserView.swift in Sources */,
				C3573075281B396500E5D6C3 /* EmailLogin.swift in Sources */,
				C75C2EE125561309009B6ADA /* ContentView.swift in Sources */,
				C77B0ED827964FC700743351 /* PlacePage.swift in Sources */,
				C7D432AA2818A01900789380 /* DeepLinkViewPost.swift in Sources */,
				C76E913E25D21E2800762803 /* OnboardingView.swift in Sources */,
				C79E1E9F2788BE2200267A86 /* MapViewV2.swift in Sources */,
				1F98464425EF38AB0075AF04 /* Notifications.swift in Sources */,
				C75176A825FF025200DCB856 /* LoggedInView.swift in Sources */,
				C7FF3D21278D80F20031FAE4 /* BlurBackground.swift in Sources */,
				C79E1EA12788BF9100267A86 /* MapViewModelV2.swift in Sources */,
				C704706A27FB982300D71589 /* FeedItem.swift in Sources */,
				C7506CE026F2DDDD00265633 /* UIDevice+hasNotch.swift in Sources */,
				C7959C7726AFCDE500EB9FD2 /* UserPublisher.swift in Sources */,
				C7B91FE7282449C700F383BC /* ActivityView.swift in Sources */,
				C7D2D85225CE6DD500246BD0 /* MKCoordinateRegion+Equatable.swift in Sources */,
				C773DFBD25DF90FA00E40102 /* TextAlert.swift in Sources */,
				C764145025D0FD4100CBDE3F /* SearchViewModel.swift in Sources */,
				C7031A7D27C5B12D00A90D24 /* PlaceAnnotationV2.swift in Sources */,
				C7DE07B426AE5FEE006048E4 /* CommentPublisher.swift in Sources */,
				C7106B0C2560C9F800C10EFF /* ProfileViewModel.swift in Sources */,
				C74BC92B256E198C0095A2BA /* General.swift in Sources */,
				C70AE48425CA8FA9009920E8 /* LargeButton.swift in Sources */,
				C70AE46225CA37EA009920E8 /* PhoneNumberTextFieldView.swift in Sources */,
				C78653E827D8476000A0D1A0 /* Analytics.swift in Sources */,
				C73ED522260EFE79005CC0B4 /* View+disappear.swift in Sources */,
				C77B0EDA2796500900743351 /* PostPage.swift in Sources */,
				C749397C255659AE00D1E8D3 /* MultilineTextField.swift in Sources */,
				C7FD677027C44F0800B8B2B8 /* LocationAnnotationViewV2.swift in Sources */,
				C7260C592585D27C0002A335 /* CreateProfileView.swift in Sources */,
				C74D020726A667E000381C1B /* PostPublisher.swift in Sources */,
				C70AE47F25CA8EC5009920E8 /* VerifyPhoneNumber.swift in Sources */,
				C72BB2B5280396C2001997C1 /* String+Identifiable.swift in Sources */,
				C71E44B82818945F008725F1 /* MapTab.swift in Sources */,
				C7C3F05A255A755C00B9D3B3 /* PlaceSearch.swift in Sources */,
				C7318C912560E1F000E75BE6 /* HideKeyboard.swift in Sources */,
				C7493981255663E100D1E8D3 /* RoundedButton.swift in Sources */,
				C76E913825D20F6E00762803 /* FollowContacts.swift in Sources */,
				C7B91FE928245D2400F383BC /* SharePostButton.swift in Sources */,
				1FC816C625E34249009B803F /* Feedback.swift in Sources */,
				C7D73FD725A7BCDD007699AF /* ProfileTab.swift in Sources */,
				C70367062557629900F970DE /* NavigationViewModifier.swift in Sources */,
				C72BB2B328038F6D001997C1 /* View+navigation.swift in Sources */,
				C73ED51D260EFDF4005CC0B4 /* View+appear.swift in Sources */,
				C70AE47A25CA8E76009920E8 /* EnterPhoneNumber.swift in Sources */,
				C74183E025D6E3A2007F13C1 /* GlobalViewState.swift in Sources */,
				C712B6E9262E497900DAEB1D /* UITabView.swift in Sources */,
				C7E7F68427F3C09800F9D598 /* Screens.swift in Sources */,
				C7317F3F25E5C5840070E938 /* ImageUploadService.swift in Sources */,
				C7315BC1266AD7D50086BD52 /* EditPreferences.swift in Sources */,
				C7031A7227C5AB5300A90D24 /* MapBottomSheet.swift in Sources */,
				C7031A6B27C5A61400A90D24 /* RegionWrapper.swift in Sources */,
				C7031A7B27C5AD9400A90D24 /* CurrentLocationButton.swift in Sources */,
				C71B1B152599B7FE004BF1CD /* Toast.swift in Sources */,
				C7D2D85C25CE6E4200246BD0 /* MKCoordinateSpan+Equatable.swift in Sources */,
				C75176A025FEFDEB00DCB856 /* FollowFeatured.swift in Sources */,
				C707E02227EE565C0077B8DA /* NoButtonStyle.swift in Sources */,
				C701233427F65C78008F3F21 /* NetworkConnectionMonitor.swift in Sources */,
				C757F87327F1579500364EDB /* RequestPermission.swift in Sources */,
				C7AEACF425D86F5B00EDEB7D /* EditProfile.swift in Sources */,
				C72BB2B128038DEA001997C1 /* PostDestination.swift in Sources */,
				C7106AF5256084E200C10EFF /* Place.swift in Sources */,
				C78049162788E10E00A9A2AF /* UserFilter.swift in Sources */,
				C72F3CB92587264A00DDB76C /* Feed.swift in Sources */,
				C7D1190D25A186CC00A222E3 /* NavTitle.swift in Sources */,
				C7EAD4D925AC1D49004A9F53 /* APIClient.swift in Sources */,
				C77321DC2557EF390087FAA6 /* URLImage.swift in Sources */,
				C757F87727F15BE400364EDB /* InvertBindings.swift in Sources */,
				C7031A7027C5A7DF00A90D24 /* QuickViewModel.swift in Sources */,
				C7AEACFD25D8720E00EDEB7D /* Settings.swift in Sources */,
				C7416D0E264793B200FA58EE /* Comment.swift in Sources */,
				C76A8AFF2596DDD700623DA2 /* ImagePicker.swift in Sources */,
				5ACBEC96281083D400A47948 /* DeepLinkManager.swift in Sources */,
				C7031A7927C5AD0E00A90D24 /* MapInfoView.swift in Sources */,
				C79183482597DABF006B4056 /* PopupView.swift in Sources */,
				C753CF7527C327C000B1EEA3 /* MapV3.swift in Sources */,
				C7D2D84A25CE55C600246BD0 /* UINavigationController+UIGestureRecognizerDelegate.swift in Sources */,
				C703670E255764FD00F970DE /* Profile.swift in Sources */,
				C75C2EDF25561309009B6ADA /* JimoApp.swift in Sources */,
				1FFF5CEC264A384D005BB943 /* UserFollowFeed.swift in Sources */,
				C7416D0C26474AA000FA58EE /* CommentInputField.swift in Sources */,
				C7EAD4CF25ABBD9A004A9F53 /* CreatePostVM.swift in Sources */,
				C70E61C726EAE56F00340EEC /* PostComponents.swift in Sources */,
				C7C3FC252790DC89000AA023 /* MapKitViewV2.swift in Sources */,
				C725F87427F680F800370896 /* RefreshableScrollView.swift in Sources */,
				C7E2732D25EC62DA00C787DB /* Checkbox.swift in Sources */,
				C7654E5C27FBA5050023A541 /* MKCoordinateRegion+Hashable.swift in Sources */,
				C757F86F27F150DD00364EDB /* NotificationPermissions.swift in Sources */,
				C757F87127F150F700364EDB /* LocationPermissions.swift in Sources */,
				C79EA00225AFD56F00A38DB8 /* AppState.swift in Sources */,
				C76DEA33255E559C008A9E1B /* Search.swift in Sources */,
				C758BAB026FC148A007DFE30 /* MapSnapshotView.swift in Sources */,
				C7416D082647170600FA58EE /* CommentsViewModel.swift in Sources */,
				C7B91FE5282448BA00F383BC /* ShareButtonView.swift in Sources */,
				C764145525D0FD6000CBDE3F /* DiscoverViewModel.swift in Sources */,
				C7C3F04A255A744A00B9D3B3 /* LocationSearch.swift in Sources */,
				C75C2F25255616CC009B6ADA /* Post.swift in Sources */,
			);
			runOnlyForDeploymentPostprocessing = 0;
		};
		C75C2EE825561309009B6ADA /* Sources */ = {
			isa = PBXSourcesBuildPhase;
			buildActionMask = 2147483647;
			files = (
				C75C2EF125561309009B6ADA /* JimoTests.swift in Sources */,
			);
			runOnlyForDeploymentPostprocessing = 0;
		};
		C75C2EF325561309009B6ADA /* Sources */ = {
			isa = PBXSourcesBuildPhase;
			buildActionMask = 2147483647;
			files = (
				C75C2EFC25561309009B6ADA /* JimoUITests.swift in Sources */,
			);
			runOnlyForDeploymentPostprocessing = 0;
		};
/* End PBXSourcesBuildPhase section */

/* Begin PBXTargetDependency section */
		C75C2EEE25561309009B6ADA /* PBXTargetDependency */ = {
			isa = PBXTargetDependency;
			target = C75C2EDA25561309009B6ADA /* Jimo */;
			targetProxy = C75C2EED25561309009B6ADA /* PBXContainerItemProxy */;
		};
		C75C2EF925561309009B6ADA /* PBXTargetDependency */ = {
			isa = PBXTargetDependency;
			target = C75C2EDA25561309009B6ADA /* Jimo */;
			targetProxy = C75C2EF825561309009B6ADA /* PBXContainerItemProxy */;
		};
/* End PBXTargetDependency section */

/* Begin XCBuildConfiguration section */
		C75C2EFE25561309009B6ADA /* Debug */ = {
			isa = XCBuildConfiguration;
			buildSettings = {
				ALWAYS_SEARCH_USER_PATHS = NO;
				CLANG_ANALYZER_NONNULL = YES;
				CLANG_ANALYZER_NUMBER_OBJECT_CONVERSION = YES_AGGRESSIVE;
				CLANG_CXX_LANGUAGE_STANDARD = "gnu++14";
				CLANG_CXX_LIBRARY = "libc++";
				CLANG_ENABLE_MODULES = YES;
				CLANG_ENABLE_OBJC_ARC = YES;
				CLANG_ENABLE_OBJC_WEAK = YES;
				CLANG_WARN_BLOCK_CAPTURE_AUTORELEASING = YES;
				CLANG_WARN_BOOL_CONVERSION = YES;
				CLANG_WARN_COMMA = YES;
				CLANG_WARN_CONSTANT_CONVERSION = YES;
				CLANG_WARN_DEPRECATED_OBJC_IMPLEMENTATIONS = YES;
				CLANG_WARN_DIRECT_OBJC_ISA_USAGE = YES_ERROR;
				CLANG_WARN_DOCUMENTATION_COMMENTS = YES;
				CLANG_WARN_EMPTY_BODY = YES;
				CLANG_WARN_ENUM_CONVERSION = YES;
				CLANG_WARN_INFINITE_RECURSION = YES;
				CLANG_WARN_INT_CONVERSION = YES;
				CLANG_WARN_NON_LITERAL_NULL_CONVERSION = YES;
				CLANG_WARN_OBJC_IMPLICIT_RETAIN_SELF = YES;
				CLANG_WARN_OBJC_LITERAL_CONVERSION = YES;
				CLANG_WARN_OBJC_ROOT_CLASS = YES_ERROR;
				CLANG_WARN_QUOTED_INCLUDE_IN_FRAMEWORK_HEADER = YES;
				CLANG_WARN_RANGE_LOOP_ANALYSIS = YES;
				CLANG_WARN_STRICT_PROTOTYPES = YES;
				CLANG_WARN_SUSPICIOUS_MOVE = YES;
				CLANG_WARN_UNGUARDED_AVAILABILITY = YES_AGGRESSIVE;
				CLANG_WARN_UNREACHABLE_CODE = YES;
				CLANG_WARN__DUPLICATE_METHOD_MATCH = YES;
				COPY_PHASE_STRIP = NO;
				DEBUG_INFORMATION_FORMAT = dwarf;
				ENABLE_STRICT_OBJC_MSGSEND = YES;
				ENABLE_TESTABILITY = YES;
				GCC_C_LANGUAGE_STANDARD = gnu11;
				GCC_DYNAMIC_NO_PIC = NO;
				GCC_NO_COMMON_BLOCKS = YES;
				GCC_OPTIMIZATION_LEVEL = 0;
				GCC_PREPROCESSOR_DEFINITIONS = (
					"DEBUG=1",
					"$(inherited)",
				);
				GCC_WARN_64_TO_32_BIT_CONVERSION = YES;
				GCC_WARN_ABOUT_RETURN_TYPE = YES_ERROR;
				GCC_WARN_UNDECLARED_SELECTOR = YES;
				GCC_WARN_UNINITIALIZED_AUTOS = YES_AGGRESSIVE;
				GCC_WARN_UNUSED_FUNCTION = YES;
				GCC_WARN_UNUSED_VARIABLE = YES;
				IPHONEOS_DEPLOYMENT_TARGET = 14.0;
				MTL_ENABLE_DEBUG_INFO = INCLUDE_SOURCE;
				MTL_FAST_MATH = YES;
				ONLY_ACTIVE_ARCH = YES;
				SDKROOT = iphoneos;
				SWIFT_ACTIVE_COMPILATION_CONDITIONS = DEBUG;
				SWIFT_OPTIMIZATION_LEVEL = "-Onone";
			};
			name = Debug;
		};
		C75C2EFF25561309009B6ADA /* Release */ = {
			isa = XCBuildConfiguration;
			buildSettings = {
				ALWAYS_SEARCH_USER_PATHS = NO;
				CLANG_ANALYZER_NONNULL = YES;
				CLANG_ANALYZER_NUMBER_OBJECT_CONVERSION = YES_AGGRESSIVE;
				CLANG_CXX_LANGUAGE_STANDARD = "gnu++14";
				CLANG_CXX_LIBRARY = "libc++";
				CLANG_ENABLE_MODULES = YES;
				CLANG_ENABLE_OBJC_ARC = YES;
				CLANG_ENABLE_OBJC_WEAK = YES;
				CLANG_WARN_BLOCK_CAPTURE_AUTORELEASING = YES;
				CLANG_WARN_BOOL_CONVERSION = YES;
				CLANG_WARN_COMMA = YES;
				CLANG_WARN_CONSTANT_CONVERSION = YES;
				CLANG_WARN_DEPRECATED_OBJC_IMPLEMENTATIONS = YES;
				CLANG_WARN_DIRECT_OBJC_ISA_USAGE = YES_ERROR;
				CLANG_WARN_DOCUMENTATION_COMMENTS = YES;
				CLANG_WARN_EMPTY_BODY = YES;
				CLANG_WARN_ENUM_CONVERSION = YES;
				CLANG_WARN_INFINITE_RECURSION = YES;
				CLANG_WARN_INT_CONVERSION = YES;
				CLANG_WARN_NON_LITERAL_NULL_CONVERSION = YES;
				CLANG_WARN_OBJC_IMPLICIT_RETAIN_SELF = YES;
				CLANG_WARN_OBJC_LITERAL_CONVERSION = YES;
				CLANG_WARN_OBJC_ROOT_CLASS = YES_ERROR;
				CLANG_WARN_QUOTED_INCLUDE_IN_FRAMEWORK_HEADER = YES;
				CLANG_WARN_RANGE_LOOP_ANALYSIS = YES;
				CLANG_WARN_STRICT_PROTOTYPES = YES;
				CLANG_WARN_SUSPICIOUS_MOVE = YES;
				CLANG_WARN_UNGUARDED_AVAILABILITY = YES_AGGRESSIVE;
				CLANG_WARN_UNREACHABLE_CODE = YES;
				CLANG_WARN__DUPLICATE_METHOD_MATCH = YES;
				COPY_PHASE_STRIP = NO;
				DEBUG_INFORMATION_FORMAT = "dwarf-with-dsym";
				ENABLE_NS_ASSERTIONS = NO;
				ENABLE_STRICT_OBJC_MSGSEND = YES;
				GCC_C_LANGUAGE_STANDARD = gnu11;
				GCC_NO_COMMON_BLOCKS = YES;
				GCC_WARN_64_TO_32_BIT_CONVERSION = YES;
				GCC_WARN_ABOUT_RETURN_TYPE = YES_ERROR;
				GCC_WARN_UNDECLARED_SELECTOR = YES;
				GCC_WARN_UNINITIALIZED_AUTOS = YES_AGGRESSIVE;
				GCC_WARN_UNUSED_FUNCTION = YES;
				GCC_WARN_UNUSED_VARIABLE = YES;
				IPHONEOS_DEPLOYMENT_TARGET = 14.0;
				MTL_ENABLE_DEBUG_INFO = NO;
				MTL_FAST_MATH = YES;
				SDKROOT = iphoneos;
				SWIFT_COMPILATION_MODE = wholemodule;
				SWIFT_OPTIMIZATION_LEVEL = "-O";
				VALIDATE_PRODUCT = YES;
			};
			name = Release;
		};
		C75C2F0125561309009B6ADA /* Debug */ = {
			isa = XCBuildConfiguration;
			baseConfigurationReference = 0C3D8D810C9EE1AAD08C7081 /* Pods-Jimo.debug.xcconfig */;
			buildSettings = {
				ASSETCATALOG_COMPILER_APPICON_NAME = AppIcon;
				ASSETCATALOG_COMPILER_GLOBAL_ACCENT_COLOR_NAME = AccentColor;
				CODE_SIGN_ENTITLEMENTS = Jimo/Jimo.entitlements;
				CODE_SIGN_STYLE = Automatic;
				CURRENT_PROJECT_VERSION = 1;
				DEBUG_INFORMATION_FORMAT = "dwarf-with-dsym";
				DEVELOPMENT_ASSET_PATHS = "\"Jimo/Preview Content\"";
				DEVELOPMENT_TEAM = FL6G2R3Q86;
				ENABLE_PREVIEWS = YES;
				INFOPLIST_FILE = Jimo/Info.plist;
				IPHONEOS_DEPLOYMENT_TARGET = 14.0;
				LD_RUNPATH_SEARCH_PATHS = (
					"$(inherited)",
					"@executable_path/Frameworks",
				);
				MARKETING_VERSION = 5.2.0;
				PRODUCT_BUNDLE_IDENTIFIER = com.jimoapp.jimo;
				PRODUCT_NAME = "$(TARGET_NAME)";
				SWIFT_VERSION = 5.0;
				TARGETED_DEVICE_FAMILY = 1;
			};
			name = Debug;
		};
		C75C2F0225561309009B6ADA /* Release */ = {
			isa = XCBuildConfiguration;
			baseConfigurationReference = 1E1E16AB7C2E9F83F99FB5FC /* Pods-Jimo.release.xcconfig */;
			buildSettings = {
				ASSETCATALOG_COMPILER_APPICON_NAME = AppIcon;
				ASSETCATALOG_COMPILER_GLOBAL_ACCENT_COLOR_NAME = AccentColor;
				CODE_SIGN_ENTITLEMENTS = Jimo/Jimo.entitlements;
				CODE_SIGN_STYLE = Automatic;
				CURRENT_PROJECT_VERSION = 1;
				DEVELOPMENT_ASSET_PATHS = "\"Jimo/Preview Content\"";
				DEVELOPMENT_TEAM = FL6G2R3Q86;
				ENABLE_PREVIEWS = YES;
				INFOPLIST_FILE = Jimo/Info.plist;
				IPHONEOS_DEPLOYMENT_TARGET = 14.0;
				LD_RUNPATH_SEARCH_PATHS = (
					"$(inherited)",
					"@executable_path/Frameworks",
				);
				MARKETING_VERSION = 5.2.0;
				PRODUCT_BUNDLE_IDENTIFIER = com.jimoapp.jimo;
				PRODUCT_NAME = "$(TARGET_NAME)";
				SWIFT_VERSION = 5.0;
				TARGETED_DEVICE_FAMILY = 1;
			};
			name = Release;
		};
		C75C2F0425561309009B6ADA /* Debug */ = {
			isa = XCBuildConfiguration;
			baseConfigurationReference = 9259EE546D4102C558B8162D /* Pods-JimoTests.debug.xcconfig */;
			buildSettings = {
				ALWAYS_EMBED_SWIFT_STANDARD_LIBRARIES = YES;
				BUNDLE_LOADER = "$(TEST_HOST)";
				CODE_SIGN_STYLE = Automatic;
				DEVELOPMENT_TEAM = FL6G2R3Q86;
				INFOPLIST_FILE = JimoTests/Info.plist;
				IPHONEOS_DEPLOYMENT_TARGET = 14.0;
				LD_RUNPATH_SEARCH_PATHS = (
					"$(inherited)",
					"@executable_path/Frameworks",
					"@loader_path/Frameworks",
				);
				PRODUCT_BUNDLE_IDENTIFIER = com.jimoapp.JimoTests;
				PRODUCT_NAME = "$(TARGET_NAME)";
				SWIFT_VERSION = 5.0;
				TARGETED_DEVICE_FAMILY = "1,2";
				TEST_HOST = "$(BUILT_PRODUCTS_DIR)/Jimo.app/Jimo";
			};
			name = Debug;
		};
		C75C2F0525561309009B6ADA /* Release */ = {
			isa = XCBuildConfiguration;
			baseConfigurationReference = C4BEAA07CB633BF4EBA752E4 /* Pods-JimoTests.release.xcconfig */;
			buildSettings = {
				ALWAYS_EMBED_SWIFT_STANDARD_LIBRARIES = YES;
				BUNDLE_LOADER = "$(TEST_HOST)";
				CODE_SIGN_STYLE = Automatic;
				DEVELOPMENT_TEAM = FL6G2R3Q86;
				INFOPLIST_FILE = JimoTests/Info.plist;
				IPHONEOS_DEPLOYMENT_TARGET = 14.0;
				LD_RUNPATH_SEARCH_PATHS = (
					"$(inherited)",
					"@executable_path/Frameworks",
					"@loader_path/Frameworks",
				);
				PRODUCT_BUNDLE_IDENTIFIER = com.jimoapp.JimoTests;
				PRODUCT_NAME = "$(TARGET_NAME)";
				SWIFT_VERSION = 5.0;
				TARGETED_DEVICE_FAMILY = "1,2";
				TEST_HOST = "$(BUILT_PRODUCTS_DIR)/Jimo.app/Jimo";
			};
			name = Release;
		};
		C75C2F0725561309009B6ADA /* Debug */ = {
			isa = XCBuildConfiguration;
			baseConfigurationReference = 46903672F5D692917EF2A9D8 /* Pods-Jimo-JimoUITests.debug.xcconfig */;
			buildSettings = {
				ALWAYS_EMBED_SWIFT_STANDARD_LIBRARIES = YES;
				CODE_SIGN_STYLE = Automatic;
				DEVELOPMENT_TEAM = FL6G2R3Q86;
				INFOPLIST_FILE = JimoUITests/Info.plist;
				LD_RUNPATH_SEARCH_PATHS = (
					"$(inherited)",
					"@executable_path/Frameworks",
					"@loader_path/Frameworks",
				);
				PRODUCT_BUNDLE_IDENTIFIER = com.jimoapp.JimoUITests;
				PRODUCT_NAME = "$(TARGET_NAME)";
				SWIFT_VERSION = 5.0;
				TARGETED_DEVICE_FAMILY = "1,2";
				TEST_TARGET_NAME = Jimo;
			};
			name = Debug;
		};
		C75C2F0825561309009B6ADA /* Release */ = {
			isa = XCBuildConfiguration;
			baseConfigurationReference = C5AAE5879244803D3CA89D65 /* Pods-Jimo-JimoUITests.release.xcconfig */;
			buildSettings = {
				ALWAYS_EMBED_SWIFT_STANDARD_LIBRARIES = YES;
				CODE_SIGN_STYLE = Automatic;
				DEVELOPMENT_TEAM = FL6G2R3Q86;
				INFOPLIST_FILE = JimoUITests/Info.plist;
				LD_RUNPATH_SEARCH_PATHS = (
					"$(inherited)",
					"@executable_path/Frameworks",
					"@loader_path/Frameworks",
				);
				PRODUCT_BUNDLE_IDENTIFIER = com.jimoapp.JimoUITests;
				PRODUCT_NAME = "$(TARGET_NAME)";
				SWIFT_VERSION = 5.0;
				TARGETED_DEVICE_FAMILY = "1,2";
				TEST_TARGET_NAME = Jimo;
			};
			name = Release;
		};
/* End XCBuildConfiguration section */

/* Begin XCConfigurationList section */
		C75C2ED625561308009B6ADA /* Build configuration list for PBXProject "Jimo" */ = {
			isa = XCConfigurationList;
			buildConfigurations = (
				C75C2EFE25561309009B6ADA /* Debug */,
				C75C2EFF25561309009B6ADA /* Release */,
			);
			defaultConfigurationIsVisible = 0;
			defaultConfigurationName = Release;
		};
		C75C2F0025561309009B6ADA /* Build configuration list for PBXNativeTarget "Jimo" */ = {
			isa = XCConfigurationList;
			buildConfigurations = (
				C75C2F0125561309009B6ADA /* Debug */,
				C75C2F0225561309009B6ADA /* Release */,
			);
			defaultConfigurationIsVisible = 0;
			defaultConfigurationName = Release;
		};
		C75C2F0325561309009B6ADA /* Build configuration list for PBXNativeTarget "JimoTests" */ = {
			isa = XCConfigurationList;
			buildConfigurations = (
				C75C2F0425561309009B6ADA /* Debug */,
				C75C2F0525561309009B6ADA /* Release */,
			);
			defaultConfigurationIsVisible = 0;
			defaultConfigurationName = Release;
		};
		C75C2F0625561309009B6ADA /* Build configuration list for PBXNativeTarget "JimoUITests" */ = {
			isa = XCConfigurationList;
			buildConfigurations = (
				C75C2F0725561309009B6ADA /* Debug */,
				C75C2F0825561309009B6ADA /* Release */,
			);
			defaultConfigurationIsVisible = 0;
			defaultConfigurationName = Release;
		};
/* End XCConfigurationList section */

/* Begin XCRemoteSwiftPackageReference section */
		C72BB2AC28038C09001997C1 /* XCRemoteSwiftPackageReference "ASCollectionView" */ = {
			isa = XCRemoteSwiftPackageReference;
			repositoryURL = "https://github.com/apptekstudios/ASCollectionView";
			requirement = {
				branch = master;
				kind = branch;
			};
		};
		C79E1E9B2788BDE500267A86 /* XCRemoteSwiftPackageReference "BottomSheet" */ = {
			isa = XCRemoteSwiftPackageReference;
			repositoryURL = "https://github.com/LucasMucGH/BottomSheet";
			requirement = {
				branch = main;
				kind = branch;
			};
		};
		C7FC69DE2790160100C41ED3 /* XCRemoteSwiftPackageReference "SwiftUIPager" */ = {
			isa = XCRemoteSwiftPackageReference;
			repositoryURL = "https://github.com/fermoya/SwiftUIPager.git";
			requirement = {
				kind = upToNextMajorVersion;
				minimumVersion = 2.0.0;
			};
		};
/* End XCRemoteSwiftPackageReference section */

/* Begin XCSwiftPackageProductDependency section */
		C72BB2AD28038C09001997C1 /* ASCollectionView */ = {
			isa = XCSwiftPackageProductDependency;
			package = C72BB2AC28038C09001997C1 /* XCRemoteSwiftPackageReference "ASCollectionView" */;
			productName = ASCollectionView;
		};
		C79E1E9C2788BDE500267A86 /* BottomSheet */ = {
			isa = XCSwiftPackageProductDependency;
			package = C79E1E9B2788BDE500267A86 /* XCRemoteSwiftPackageReference "BottomSheet" */;
			productName = BottomSheet;
		};
		C7FC69DF2790160100C41ED3 /* SwiftUIPager */ = {
			isa = XCSwiftPackageProductDependency;
			package = C7FC69DE2790160100C41ED3 /* XCRemoteSwiftPackageReference "SwiftUIPager" */;
			productName = SwiftUIPager;
		};
/* End XCSwiftPackageProductDependency section */
	};
	rootObject = C75C2ED325561308009B6ADA /* Project object */;
}
